// !$*UTF8*$!
{
	archiveVersion = 1;
	classes = {
	};
	objectVersion = 55;
	objects = {

/* Begin PBXBuildFile section */
		CA06A833281CF0E50086BD0B /* LoginSceneViewController.swift in Sources */ = {isa = PBXBuildFile; fileRef = CA06A832281CF0E50086BD0B /* LoginSceneViewController.swift */; };
		CA06A835281CF0F10086BD0B /* LoginScenePresenter.swift in Sources */ = {isa = PBXBuildFile; fileRef = CA06A834281CF0F10086BD0B /* LoginScenePresenter.swift */; };
		CA6E9A2C281E519B000F6F64 /* MainSceneViewController.swift in Sources */ = {isa = PBXBuildFile; fileRef = CA6E9A2B281E519B000F6F64 /* MainSceneViewController.swift */; };
		CA6E9A2E281E51A9000F6F64 /* MainScenePresenter.swift in Sources */ = {isa = PBXBuildFile; fileRef = CA6E9A2D281E51A9000F6F64 /* MainScenePresenter.swift */; };
		CA6E9A33281E51F2000F6F64 /* AddCardSceneViewController.swift in Sources */ = {isa = PBXBuildFile; fileRef = CA6E9A32281E51F2000F6F64 /* AddCardSceneViewController.swift */; };
		CA6E9A35281E51FF000F6F64 /* AddCardScenePresenter.swift in Sources */ = {isa = PBXBuildFile; fileRef = CA6E9A34281E51FF000F6F64 /* AddCardScenePresenter.swift */; };
		CA6E9A38281E546C000F6F64 /* SearchSceneViewController.swift in Sources */ = {isa = PBXBuildFile; fileRef = CA6E9A37281E546C000F6F64 /* SearchSceneViewController.swift */; };
		CA6E9A3A281E5477000F6F64 /* SearchScenePresenter.swift in Sources */ = {isa = PBXBuildFile; fileRef = CA6E9A39281E5477000F6F64 /* SearchScenePresenter.swift */; };
		CA6E9A3D281E5493000F6F64 /* ProfileSceneViewController.swift in Sources */ = {isa = PBXBuildFile; fileRef = CA6E9A3C281E5493000F6F64 /* ProfileSceneViewController.swift */; };
		CA6E9A3F281E54A1000F6F64 /* ProfileScenePresenter.swift in Sources */ = {isa = PBXBuildFile; fileRef = CA6E9A3E281E54A1000F6F64 /* ProfileScenePresenter.swift */; };
		CA8B60892818D78300D7769B /* AppDelegate.swift in Sources */ = {isa = PBXBuildFile; fileRef = CA8B60882818D78300D7769B /* AppDelegate.swift */; };
		CA8B608B2818D78300D7769B /* SceneDelegate.swift in Sources */ = {isa = PBXBuildFile; fileRef = CA8B608A2818D78300D7769B /* SceneDelegate.swift */; };
		CA8B60902818D78300D7769B /* Main.storyboard in Resources */ = {isa = PBXBuildFile; fileRef = CA8B608E2818D78300D7769B /* Main.storyboard */; };
		CA8B60922818D78500D7769B /* Assets.xcassets in Resources */ = {isa = PBXBuildFile; fileRef = CA8B60912818D78500D7769B /* Assets.xcassets */; };
		CA8B60952818D78500D7769B /* LaunchScreen.storyboard in Resources */ = {isa = PBXBuildFile; fileRef = CA8B60932818D78500D7769B /* LaunchScreen.storyboard */; };
		CAE63EB6281F89710028A080 /* YazykTabBarController.swift in Sources */ = {isa = PBXBuildFile; fileRef = CAE63EB5281F89710028A080 /* YazykTabBarController.swift */; };
/* End PBXBuildFile section */

/* Begin PBXFileReference section */
		CA06A832281CF0E50086BD0B /* LoginSceneViewController.swift */ = {isa = PBXFileReference; lastKnownFileType = sourcecode.swift; path = LoginSceneViewController.swift; sourceTree = "<group>"; };
		CA06A834281CF0F10086BD0B /* LoginScenePresenter.swift */ = {isa = PBXFileReference; lastKnownFileType = sourcecode.swift; path = LoginScenePresenter.swift; sourceTree = "<group>"; };
		CA6E9A2B281E519B000F6F64 /* MainSceneViewController.swift */ = {isa = PBXFileReference; lastKnownFileType = sourcecode.swift; path = MainSceneViewController.swift; sourceTree = "<group>"; };
		CA6E9A2D281E51A9000F6F64 /* MainScenePresenter.swift */ = {isa = PBXFileReference; lastKnownFileType = sourcecode.swift; path = MainScenePresenter.swift; sourceTree = "<group>"; };
		CA6E9A32281E51F2000F6F64 /* AddCardSceneViewController.swift */ = {isa = PBXFileReference; lastKnownFileType = sourcecode.swift; path = AddCardSceneViewController.swift; sourceTree = "<group>"; };
		CA6E9A34281E51FF000F6F64 /* AddCardScenePresenter.swift */ = {isa = PBXFileReference; lastKnownFileType = sourcecode.swift; path = AddCardScenePresenter.swift; sourceTree = "<group>"; };
		CA6E9A37281E546C000F6F64 /* SearchSceneViewController.swift */ = {isa = PBXFileReference; lastKnownFileType = sourcecode.swift; path = SearchSceneViewController.swift; sourceTree = "<group>"; };
		CA6E9A39281E5477000F6F64 /* SearchScenePresenter.swift */ = {isa = PBXFileReference; lastKnownFileType = sourcecode.swift; path = SearchScenePresenter.swift; sourceTree = "<group>"; };
		CA6E9A3C281E5493000F6F64 /* ProfileSceneViewController.swift */ = {isa = PBXFileReference; lastKnownFileType = sourcecode.swift; path = ProfileSceneViewController.swift; sourceTree = "<group>"; };
		CA6E9A3E281E54A1000F6F64 /* ProfileScenePresenter.swift */ = {isa = PBXFileReference; lastKnownFileType = sourcecode.swift; path = ProfileScenePresenter.swift; sourceTree = "<group>"; };
		CA8B60852818D78300D7769B /* ЯзыкЪ.app */ = {isa = PBXFileReference; explicitFileType = wrapper.application; includeInIndex = 0; path = "ЯзыкЪ.app"; sourceTree = BUILT_PRODUCTS_DIR; };
		CA8B60882818D78300D7769B /* AppDelegate.swift */ = {isa = PBXFileReference; lastKnownFileType = sourcecode.swift; path = AppDelegate.swift; sourceTree = "<group>"; };
		CA8B608A2818D78300D7769B /* SceneDelegate.swift */ = {isa = PBXFileReference; lastKnownFileType = sourcecode.swift; path = SceneDelegate.swift; sourceTree = "<group>"; };
		CA8B608F2818D78300D7769B /* Base */ = {isa = PBXFileReference; lastKnownFileType = file.storyboard; name = Base; path = Base.lproj/Main.storyboard; sourceTree = "<group>"; };
		CA8B60912818D78500D7769B /* Assets.xcassets */ = {isa = PBXFileReference; lastKnownFileType = folder.assetcatalog; path = Assets.xcassets; sourceTree = "<group>"; };
		CA8B60942818D78500D7769B /* Base */ = {isa = PBXFileReference; lastKnownFileType = file.storyboard; name = Base; path = Base.lproj/LaunchScreen.storyboard; sourceTree = "<group>"; };
		CA8B60962818D78500D7769B /* Info.plist */ = {isa = PBXFileReference; lastKnownFileType = text.plist.xml; path = Info.plist; sourceTree = "<group>"; };
		CAE63EB5281F89710028A080 /* YazykTabBarController.swift */ = {isa = PBXFileReference; lastKnownFileType = sourcecode.swift; path = YazykTabBarController.swift; sourceTree = "<group>"; };
/* End PBXFileReference section */

/* Begin PBXFrameworksBuildPhase section */
		CA8B60822818D78300D7769B /* Frameworks */ = {
			isa = PBXFrameworksBuildPhase;
			buildActionMask = 2147483647;
			files = (
			);
			runOnlyForDeploymentPostprocessing = 0;
		};
/* End PBXFrameworksBuildPhase section */

/* Begin PBXGroup section */
		CA06A836281CF0F60086BD0B /* LoginScene */ = {
			isa = PBXGroup;
			children = (
				CA06A832281CF0E50086BD0B /* LoginSceneViewController.swift */,
				CA06A834281CF0F10086BD0B /* LoginScenePresenter.swift */,
			);
			path = LoginScene;
			sourceTree = "<group>";
		};
		CA06A837281CF0FE0086BD0B /* Scenes */ = {
			isa = PBXGroup;
			children = (
				CA06A836281CF0F60086BD0B /* LoginScene */,
				CA6E9A2F281E51B0000F6F64 /* MainScene */,
				CA6E9A36281E5213000F6F64 /* AddCardScene */,
				CA6E9A3B281E547E000F6F64 /* SearchScene */,
				CA6E9A40281E54A6000F6F64 /* ProfileScene */,
			);
			path = Scenes;
			sourceTree = "<group>";
		};
		CA6E9A2F281E51B0000F6F64 /* MainScene */ = {
			isa = PBXGroup;
			children = (
				CA6E9A2B281E519B000F6F64 /* MainSceneViewController.swift */,
				CA6E9A2D281E51A9000F6F64 /* MainScenePresenter.swift */,
			);
			path = MainScene;
			sourceTree = "<group>";
		};
		CA6E9A36281E5213000F6F64 /* AddCardScene */ = {
			isa = PBXGroup;
			children = (
				CA6E9A32281E51F2000F6F64 /* AddCardSceneViewController.swift */,
				CA6E9A34281E51FF000F6F64 /* AddCardScenePresenter.swift */,
			);
			path = AddCardScene;
			sourceTree = "<group>";
		};
		CA6E9A3B281E547E000F6F64 /* SearchScene */ = {
			isa = PBXGroup;
			children = (
				CA6E9A37281E546C000F6F64 /* SearchSceneViewController.swift */,
				CA6E9A39281E5477000F6F64 /* SearchScenePresenter.swift */,
			);
			path = SearchScene;
			sourceTree = "<group>";
		};
		CA6E9A40281E54A6000F6F64 /* ProfileScene */ = {
			isa = PBXGroup;
			children = (
				CA6E9A3C281E5493000F6F64 /* ProfileSceneViewController.swift */,
				CA6E9A3E281E54A1000F6F64 /* ProfileScenePresenter.swift */,
			);
			path = ProfileScene;
			sourceTree = "<group>";
		};
		CA8B607C2818D78300D7769B = {
			isa = PBXGroup;
			children = (
				CA8B60872818D78300D7769B /* ЯзыкЪ */,
				CA8B60862818D78300D7769B /* Products */,
			);
			sourceTree = "<group>";
		};
		CA8B60862818D78300D7769B /* Products */ = {
			isa = PBXGroup;
			children = (
				CA8B60852818D78300D7769B /* ЯзыкЪ.app */,
			);
			name = Products;
			sourceTree = "<group>";
		};
		CA8B60872818D78300D7769B /* ЯзыкЪ */ = {
			isa = PBXGroup;
			children = (
				CA8B60882818D78300D7769B /* AppDelegate.swift */,
				CA8B608A2818D78300D7769B /* SceneDelegate.swift */,
				CAE63EB7281F89E20028A080 /* UIComponents */,
				CA06A837281CF0FE0086BD0B /* Scenes */,
				CA8B608E2818D78300D7769B /* Main.storyboard */,
				CA8B60912818D78500D7769B /* Assets.xcassets */,
				CA8B60932818D78500D7769B /* LaunchScreen.storyboard */,
				CA8B60962818D78500D7769B /* Info.plist */,
			);
			path = "ЯзыкЪ";
			sourceTree = "<group>";
		};
		CAE63EB7281F89E20028A080 /* UIComponents */ = {
			isa = PBXGroup;
			children = (
				CAE63EB5281F89710028A080 /* YazykTabBarController.swift */,
			);
			path = UIComponents;
			sourceTree = "<group>";
		};
/* End PBXGroup section */

/* Begin PBXNativeTarget section */
		CA8B60842818D78300D7769B /* ЯзыкЪ */ = {
			isa = PBXNativeTarget;
			buildConfigurationList = CA8B60992818D78500D7769B /* Build configuration list for PBXNativeTarget "ЯзыкЪ" */;
			buildPhases = (
				CA8B60812818D78300D7769B /* Sources */,
				CA8B60822818D78300D7769B /* Frameworks */,
				CA8B60832818D78300D7769B /* Resources */,
			);
			buildRules = (
			);
			dependencies = (
			);
			name = "ЯзыкЪ";
			productName = "ЯзыкЪ";
			productReference = CA8B60852818D78300D7769B /* ЯзыкЪ.app */;
			productType = "com.apple.product-type.application";
		};
/* End PBXNativeTarget section */

/* Begin PBXProject section */
		CA8B607D2818D78300D7769B /* Project object */ = {
			isa = PBXProject;
			attributes = {
				BuildIndependentTargetsInParallel = 1;
				LastSwiftUpdateCheck = 1330;
				LastUpgradeCheck = 1330;
				TargetAttributes = {
					CA8B60842818D78300D7769B = {
						CreatedOnToolsVersion = 13.3;
					};
				};
			};
			buildConfigurationList = CA8B60802818D78300D7769B /* Build configuration list for PBXProject "ЯзыкЪ" */;
			compatibilityVersion = "Xcode 13.0";
			developmentRegion = en;
			hasScannedForEncodings = 0;
			knownRegions = (
				en,
				Base,
			);
			mainGroup = CA8B607C2818D78300D7769B;
			productRefGroup = CA8B60862818D78300D7769B /* Products */;
			projectDirPath = "";
			projectRoot = "";
			targets = (
				CA8B60842818D78300D7769B /* ЯзыкЪ */,
			);
		};
/* End PBXProject section */

/* Begin PBXResourcesBuildPhase section */
		CA8B60832818D78300D7769B /* Resources */ = {
			isa = PBXResourcesBuildPhase;
			buildActionMask = 2147483647;
			files = (
				CA8B60952818D78500D7769B /* LaunchScreen.storyboard in Resources */,
				CA8B60922818D78500D7769B /* Assets.xcassets in Resources */,
				CA8B60902818D78300D7769B /* Main.storyboard in Resources */,
			);
			runOnlyForDeploymentPostprocessing = 0;
		};
/* End PBXResourcesBuildPhase section */

/* Begin PBXSourcesBuildPhase section */
		CA8B60812818D78300D7769B /* Sources */ = {
			isa = PBXSourcesBuildPhase;
			buildActionMask = 2147483647;
			files = (
				CA6E9A3A281E5477000F6F64 /* SearchScenePresenter.swift in Sources */,
				CA6E9A3F281E54A1000F6F64 /* ProfileScenePresenter.swift in Sources */,
				CA6E9A3D281E5493000F6F64 /* ProfileSceneViewController.swift in Sources */,
				CA8B60892818D78300D7769B /* AppDelegate.swift in Sources */,
				CA6E9A2C281E519B000F6F64 /* MainSceneViewController.swift in Sources */,
				CA6E9A38281E546C000F6F64 /* SearchSceneViewController.swift in Sources */,
				CA06A835281CF0F10086BD0B /* LoginScenePresenter.swift in Sources */,
				CA8B608B2818D78300D7769B /* SceneDelegate.swift in Sources */,
				CA6E9A35281E51FF000F6F64 /* AddCardScenePresenter.swift in Sources */,
				CAE63EB6281F89710028A080 /* YazykTabBarController.swift in Sources */,
				CA6E9A2E281E51A9000F6F64 /* MainScenePresenter.swift in Sources */,
				CA6E9A33281E51F2000F6F64 /* AddCardSceneViewController.swift in Sources */,
				CA06A833281CF0E50086BD0B /* LoginSceneViewController.swift in Sources */,
			);
			runOnlyForDeploymentPostprocessing = 0;
		};
/* End PBXSourcesBuildPhase section */

/* Begin PBXVariantGroup section */
		CA8B608E2818D78300D7769B /* Main.storyboard */ = {
			isa = PBXVariantGroup;
			children = (
				CA8B608F2818D78300D7769B /* Base */,
			);
			name = Main.storyboard;
			sourceTree = "<group>";
		};
		CA8B60932818D78500D7769B /* LaunchScreen.storyboard */ = {
			isa = PBXVariantGroup;
			children = (
				CA8B60942818D78500D7769B /* Base */,
			);
			name = LaunchScreen.storyboard;
			sourceTree = "<group>";
		};
/* End PBXVariantGroup section */

/* Begin XCBuildConfiguration section */
		CA8B60972818D78500D7769B /* Debug */ = {
			isa = XCBuildConfiguration;
			buildSettings = {
				ALWAYS_SEARCH_USER_PATHS = NO;
				CLANG_ANALYZER_NONNULL = YES;
				CLANG_ANALYZER_NUMBER_OBJECT_CONVERSION = YES_AGGRESSIVE;
				CLANG_CXX_LANGUAGE_STANDARD = "gnu++17";
				CLANG_ENABLE_MODULES = YES;
				CLANG_ENABLE_OBJC_ARC = YES;
				CLANG_ENABLE_OBJC_WEAK = YES;
				CLANG_WARN_BLOCK_CAPTURE_AUTORELEASING = YES;
				CLANG_WARN_BOOL_CONVERSION = YES;
				CLANG_WARN_COMMA = YES;
				CLANG_WARN_CONSTANT_CONVERSION = YES;
				CLANG_WARN_DEPRECATED_OBJC_IMPLEMENTATIONS = YES;
				CLANG_WARN_DIRECT_OBJC_ISA_USAGE = YES_ERROR;
				CLANG_WARN_DOCUMENTATION_COMMENTS = YES;
				CLANG_WARN_EMPTY_BODY = YES;
				CLANG_WARN_ENUM_CONVERSION = YES;
				CLANG_WARN_INFINITE_RECURSION = YES;
				CLANG_WARN_INT_CONVERSION = YES;
				CLANG_WARN_NON_LITERAL_NULL_CONVERSION = YES;
				CLANG_WARN_OBJC_IMPLICIT_RETAIN_SELF = YES;
				CLANG_WARN_OBJC_LITERAL_CONVERSION = YES;
				CLANG_WARN_OBJC_ROOT_CLASS = YES_ERROR;
				CLANG_WARN_QUOTED_INCLUDE_IN_FRAMEWORK_HEADER = YES;
				CLANG_WARN_RANGE_LOOP_ANALYSIS = YES;
				CLANG_WARN_STRICT_PROTOTYPES = YES;
				CLANG_WARN_SUSPICIOUS_MOVE = YES;
				CLANG_WARN_UNGUARDED_AVAILABILITY = YES_AGGRESSIVE;
				CLANG_WARN_UNREACHABLE_CODE = YES;
				CLANG_WARN__DUPLICATE_METHOD_MATCH = YES;
				COPY_PHASE_STRIP = NO;
				DEBUG_INFORMATION_FORMAT = dwarf;
				ENABLE_STRICT_OBJC_MSGSEND = YES;
				ENABLE_TESTABILITY = YES;
				GCC_C_LANGUAGE_STANDARD = gnu11;
				GCC_DYNAMIC_NO_PIC = NO;
				GCC_NO_COMMON_BLOCKS = YES;
				GCC_OPTIMIZATION_LEVEL = 0;
				GCC_PREPROCESSOR_DEFINITIONS = (
					"DEBUG=1",
					"$(inherited)",
				);
				GCC_WARN_64_TO_32_BIT_CONVERSION = YES;
				GCC_WARN_ABOUT_RETURN_TYPE = YES_ERROR;
				GCC_WARN_UNDECLARED_SELECTOR = YES;
				GCC_WARN_UNINITIALIZED_AUTOS = YES_AGGRESSIVE;
				GCC_WARN_UNUSED_FUNCTION = YES;
				GCC_WARN_UNUSED_VARIABLE = YES;
				IPHONEOS_DEPLOYMENT_TARGET = 15.4;
				MTL_ENABLE_DEBUG_INFO = INCLUDE_SOURCE;
				MTL_FAST_MATH = YES;
				ONLY_ACTIVE_ARCH = YES;
				SDKROOT = iphoneos;
				SWIFT_ACTIVE_COMPILATION_CONDITIONS = DEBUG;
				SWIFT_OPTIMIZATION_LEVEL = "-Onone";
			};
			name = Debug;
		};
		CA8B60982818D78500D7769B /* Release */ = {
			isa = XCBuildConfiguration;
			buildSettings = {
				ALWAYS_SEARCH_USER_PATHS = NO;
				CLANG_ANALYZER_NONNULL = YES;
				CLANG_ANALYZER_NUMBER_OBJECT_CONVERSION = YES_AGGRESSIVE;
				CLANG_CXX_LANGUAGE_STANDARD = "gnu++17";
				CLANG_ENABLE_MODULES = YES;
				CLANG_ENABLE_OBJC_ARC = YES;
				CLANG_ENABLE_OBJC_WEAK = YES;
				CLANG_WARN_BLOCK_CAPTURE_AUTORELEASING = YES;
				CLANG_WARN_BOOL_CONVERSION = YES;
				CLANG_WARN_COMMA = YES;
				CLANG_WARN_CONSTANT_CONVERSION = YES;
				CLANG_WARN_DEPRECATED_OBJC_IMPLEMENTATIONS = YES;
				CLANG_WARN_DIRECT_OBJC_ISA_USAGE = YES_ERROR;
				CLANG_WARN_DOCUMENTATION_COMMENTS = YES;
				CLANG_WARN_EMPTY_BODY = YES;
				CLANG_WARN_ENUM_CONVERSION = YES;
				CLANG_WARN_INFINITE_RECURSION = YES;
				CLANG_WARN_INT_CONVERSION = YES;
				CLANG_WARN_NON_LITERAL_NULL_CONVERSION = YES;
				CLANG_WARN_OBJC_IMPLICIT_RETAIN_SELF = YES;
				CLANG_WARN_OBJC_LITERAL_CONVERSION = YES;
				CLANG_WARN_OBJC_ROOT_CLASS = YES_ERROR;
				CLANG_WARN_QUOTED_INCLUDE_IN_FRAMEWORK_HEADER = YES;
				CLANG_WARN_RANGE_LOOP_ANALYSIS = YES;
				CLANG_WARN_STRICT_PROTOTYPES = YES;
				CLANG_WARN_SUSPICIOUS_MOVE = YES;
				CLANG_WARN_UNGUARDED_AVAILABILITY = YES_AGGRESSIVE;
				CLANG_WARN_UNREACHABLE_CODE = YES;
				CLANG_WARN__DUPLICATE_METHOD_MATCH = YES;
				COPY_PHASE_STRIP = NO;
				DEBUG_INFORMATION_FORMAT = "dwarf-with-dsym";
				ENABLE_NS_ASSERTIONS = NO;
				ENABLE_STRICT_OBJC_MSGSEND = YES;
				GCC_C_LANGUAGE_STANDARD = gnu11;
				GCC_NO_COMMON_BLOCKS = YES;
				GCC_WARN_64_TO_32_BIT_CONVERSION = YES;
				GCC_WARN_ABOUT_RETURN_TYPE = YES_ERROR;
				GCC_WARN_UNDECLARED_SELECTOR = YES;
				GCC_WARN_UNINITIALIZED_AUTOS = YES_AGGRESSIVE;
				GCC_WARN_UNUSED_FUNCTION = YES;
				GCC_WARN_UNUSED_VARIABLE = YES;
				IPHONEOS_DEPLOYMENT_TARGET = 15.4;
				MTL_ENABLE_DEBUG_INFO = NO;
				MTL_FAST_MATH = YES;
				SDKROOT = iphoneos;
				SWIFT_COMPILATION_MODE = wholemodule;
				SWIFT_OPTIMIZATION_LEVEL = "-O";
				VALIDATE_PRODUCT = YES;
			};
			name = Release;
		};
		CA8B609A2818D78500D7769B /* Debug */ = {
			isa = XCBuildConfiguration;
			buildSettings = {
				ASSETCATALOG_COMPILER_APPICON_NAME = AppIcon;
				ASSETCATALOG_COMPILER_GLOBAL_ACCENT_COLOR_NAME = AccentColor;
				CODE_SIGN_STYLE = Automatic;
				CURRENT_PROJECT_VERSION = 1;
				DEVELOPMENT_TEAM = 4NK62H99X6;
				GENERATE_INFOPLIST_FILE = YES;
				INFOPLIST_FILE = "ЯзыкЪ/Info.plist";
				INFOPLIST_KEY_CFBundleDisplayName = "ЯзыкЪ";
				INFOPLIST_KEY_UIApplicationSupportsIndirectInputEvents = YES;
				INFOPLIST_KEY_UILaunchStoryboardName = LaunchScreen;
				INFOPLIST_KEY_UIMainStoryboardFile = Main;
				INFOPLIST_KEY_UISupportedInterfaceOrientations_iPad = "UIInterfaceOrientationPortrait UIInterfaceOrientationPortraitUpsideDown UIInterfaceOrientationLandscapeLeft UIInterfaceOrientationLandscapeRight";
				INFOPLIST_KEY_UISupportedInterfaceOrientations_iPhone = "UIInterfaceOrientationPortrait UIInterfaceOrientationLandscapeLeft UIInterfaceOrientationLandscapeRight";
				IPHONEOS_DEPLOYMENT_TARGET = 14.0;
				LD_RUNPATH_SEARCH_PATHS = (
					"$(inherited)",
					"@executable_path/Frameworks",
				);
				MARKETING_VERSION = 1.0.0;
				PRODUCT_BUNDLE_IDENTIFIER = com.jareksedy.tongue;
				PRODUCT_NAME = "$(TARGET_NAME)";
				SWIFT_EMIT_LOC_STRINGS = YES;
				SWIFT_VERSION = 5.0;
				TARGETED_DEVICE_FAMILY = 1;
			};
			name = Debug;
		};
		CA8B609B2818D78500D7769B /* Release */ = {
			isa = XCBuildConfiguration;
			buildSettings = {
				ASSETCATALOG_COMPILER_APPICON_NAME = AppIcon;
				ASSETCATALOG_COMPILER_GLOBAL_ACCENT_COLOR_NAME = AccentColor;
				CODE_SIGN_STYLE = Automatic;
				CURRENT_PROJECT_VERSION = 1;
				DEVELOPMENT_TEAM = 4NK62H99X6;
				GENERATE_INFOPLIST_FILE = YES;
				INFOPLIST_FILE = "ЯзыкЪ/Info.plist";
				INFOPLIST_KEY_CFBundleDisplayName = "ЯзыкЪ";
				INFOPLIST_KEY_UIApplicationSupportsIndirectInputEvents = YES;
				INFOPLIST_KEY_UILaunchStoryboardName = LaunchScreen;
				INFOPLIST_KEY_UIMainStoryboardFile = Main;
				INFOPLIST_KEY_UISupportedInterfaceOrientations_iPad = "UIInterfaceOrientationPortrait UIInterfaceOrientationPortraitUpsideDown UIInterfaceOrientationLandscapeLeft UIInterfaceOrientationLandscapeRight";
				INFOPLIST_KEY_UISupportedInterfaceOrientations_iPhone = "UIInterfaceOrientationPortrait UIInterfaceOrientationLandscapeLeft UIInterfaceOrientationLandscapeRight";
				IPHONEOS_DEPLOYMENT_TARGET = 14.0;
				LD_RUNPATH_SEARCH_PATHS = (
					"$(inherited)",
					"@executable_path/Frameworks",
				);
				MARKETING_VERSION = 1.0.0;
				PRODUCT_BUNDLE_IDENTIFIER = com.jareksedy.tongue;
				PRODUCT_NAME = "$(TARGET_NAME)";
				SWIFT_EMIT_LOC_STRINGS = YES;
				SWIFT_VERSION = 5.0;
				TARGETED_DEVICE_FAMILY = 1;
			};
			name = Release;
		};
/* End XCBuildConfiguration section */

/* Begin XCConfigurationList section */
		CA8B60802818D78300D7769B /* Build configuration list for PBXProject "ЯзыкЪ" */ = {
			isa = XCConfigurationList;
			buildConfigurations = (
				CA8B60972818D78500D7769B /* Debug */,
				CA8B60982818D78500D7769B /* Release */,
			);
			defaultConfigurationIsVisible = 0;
			defaultConfigurationName = Release;
		};
		CA8B60992818D78500D7769B /* Build configuration list for PBXNativeTarget "ЯзыкЪ" */ = {
			isa = XCConfigurationList;
			buildConfigurations = (
				CA8B609A2818D78500D7769B /* Debug */,
				CA8B609B2818D78500D7769B /* Release */,
			);
			defaultConfigurationIsVisible = 0;
			defaultConfigurationName = Release;
		};
/* End XCConfigurationList section */
	};
	rootObject = CA8B607D2818D78300D7769B /* Project object */;
}
