// !$*UTF8*$!
{
	archiveVersion = 1;
	classes = {
	};
	objectVersion = 55;
	objects = {

/* Begin PBXBuildFile section */
		CA14579F281BF9CB00856D6C /* User.swift in Sources */ = {isa = PBXBuildFile; fileRef = CA14579E281BF9CB00856D6C /* User.swift */; };
		CA1457A1281BF9D500856D6C /* Card.swift in Sources */ = {isa = PBXBuildFile; fileRef = CA1457A0281BF9D500856D6C /* Card.swift */; };
		CA1457A3281BF9DF00856D6C /* Category.swift in Sources */ = {isa = PBXBuildFile; fileRef = CA1457A2281BF9DF00856D6C /* Category.swift */; };
		CA1457A6281BFD4800856D6C /* GoogleService-Info.plist in Resources */ = {isa = PBXBuildFile; fileRef = CA1457A5281BFD4800856D6C /* GoogleService-Info.plist */; };
		CA1457BF281C0D9600856D6C /* FirebaseAuth in Frameworks */ = {isa = PBXBuildFile; productRef = CA1457BE281C0D9600856D6C /* FirebaseAuth */; };
		CA1457C1281C0D9600856D6C /* FirebaseAuthCombine-Community in Frameworks */ = {isa = PBXBuildFile; productRef = CA1457C0281C0D9600856D6C /* FirebaseAuthCombine-Community */; };
		CA1457C3281C0D9600856D6C /* FirebaseDatabase in Frameworks */ = {isa = PBXBuildFile; productRef = CA1457C2281C0D9600856D6C /* FirebaseDatabase */; };
		CA1457C5281C0D9600856D6C /* FirebaseDatabaseSwift-Beta in Frameworks */ = {isa = PBXBuildFile; productRef = CA1457C4281C0D9600856D6C /* FirebaseDatabaseSwift-Beta */; };
		CA1457C7281C0D9600856D6C /* FirebaseFirestore in Frameworks */ = {isa = PBXBuildFile; productRef = CA1457C6281C0D9600856D6C /* FirebaseFirestore */; };
		CA1457C9281C0D9600856D6C /* FirebaseFirestoreCombine-Community in Frameworks */ = {isa = PBXBuildFile; productRef = CA1457C8281C0D9600856D6C /* FirebaseFirestoreCombine-Community */; };
		CA1457CB281C0D9600856D6C /* FirebaseFirestoreSwift-Beta in Frameworks */ = {isa = PBXBuildFile; productRef = CA1457CA281C0D9600856D6C /* FirebaseFirestoreSwift-Beta */; };
		CA1457CD281C0D9600856D6C /* FirebaseStorage in Frameworks */ = {isa = PBXBuildFile; productRef = CA1457CC281C0D9600856D6C /* FirebaseStorage */; };
		CA1457CF281C0D9600856D6C /* FirebaseStorageCombine-Community in Frameworks */ = {isa = PBXBuildFile; productRef = CA1457CE281C0D9600856D6C /* FirebaseStorageCombine-Community */; };
		CA1457D1281C0D9600856D6C /* FirebaseStorageSwift-Beta in Frameworks */ = {isa = PBXBuildFile; productRef = CA1457D0281C0D9600856D6C /* FirebaseStorageSwift-Beta */; };
		CA8B60892818D78300D7769B /* AppDelegate.swift in Sources */ = {isa = PBXBuildFile; fileRef = CA8B60882818D78300D7769B /* AppDelegate.swift */; };
		CA8B608B2818D78300D7769B /* SceneDelegate.swift in Sources */ = {isa = PBXBuildFile; fileRef = CA8B608A2818D78300D7769B /* SceneDelegate.swift */; };
		CA8B608D2818D78300D7769B /* ViewController.swift in Sources */ = {isa = PBXBuildFile; fileRef = CA8B608C2818D78300D7769B /* ViewController.swift */; };
		CA8B60902818D78300D7769B /* Main.storyboard in Resources */ = {isa = PBXBuildFile; fileRef = CA8B608E2818D78300D7769B /* Main.storyboard */; };
		CA8B60922818D78500D7769B /* Assets.xcassets in Resources */ = {isa = PBXBuildFile; fileRef = CA8B60912818D78500D7769B /* Assets.xcassets */; };
		CA8B60952818D78500D7769B /* LaunchScreen.storyboard in Resources */ = {isa = PBXBuildFile; fileRef = CA8B60932818D78500D7769B /* LaunchScreen.storyboard */; };
		CA8EE284281D2542002BCCEB /* FIrebaseAPI.swift in Sources */ = {isa = PBXBuildFile; fileRef = CA8EE283281D2542002BCCEB /* FIrebaseAPI.swift */; };
/* End PBXBuildFile section */

/* Begin PBXFileReference section */
		CA14579E281BF9CB00856D6C /* User.swift */ = {isa = PBXFileReference; lastKnownFileType = sourcecode.swift; path = User.swift; sourceTree = "<group>"; };
		CA1457A0281BF9D500856D6C /* Card.swift */ = {isa = PBXFileReference; lastKnownFileType = sourcecode.swift; path = Card.swift; sourceTree = "<group>"; };
		CA1457A2281BF9DF00856D6C /* Category.swift */ = {isa = PBXFileReference; lastKnownFileType = sourcecode.swift; path = Category.swift; sourceTree = "<group>"; };
		CA1457A5281BFD4800856D6C /* GoogleService-Info.plist */ = {isa = PBXFileReference; fileEncoding = 4; lastKnownFileType = text.plist.xml; path = "GoogleService-Info.plist"; sourceTree = "<group>"; };
		CA8B60852818D78300D7769B /* ЯзыкЪ.app */ = {isa = PBXFileReference; explicitFileType = wrapper.application; includeInIndex = 0; path = "ЯзыкЪ.app"; sourceTree = BUILT_PRODUCTS_DIR; };
		CA8B60882818D78300D7769B /* AppDelegate.swift */ = {isa = PBXFileReference; lastKnownFileType = sourcecode.swift; path = AppDelegate.swift; sourceTree = "<group>"; };
		CA8B608A2818D78300D7769B /* SceneDelegate.swift */ = {isa = PBXFileReference; lastKnownFileType = sourcecode.swift; path = SceneDelegate.swift; sourceTree = "<group>"; };
		CA8B608C2818D78300D7769B /* ViewController.swift */ = {isa = PBXFileReference; lastKnownFileType = sourcecode.swift; path = ViewController.swift; sourceTree = "<group>"; };
		CA8B608F2818D78300D7769B /* Base */ = {isa = PBXFileReference; lastKnownFileType = file.storyboard; name = Base; path = Base.lproj/Main.storyboard; sourceTree = "<group>"; };
		CA8B60912818D78500D7769B /* Assets.xcassets */ = {isa = PBXFileReference; lastKnownFileType = folder.assetcatalog; path = Assets.xcassets; sourceTree = "<group>"; };
		CA8B60942818D78500D7769B /* Base */ = {isa = PBXFileReference; lastKnownFileType = file.storyboard; name = Base; path = Base.lproj/LaunchScreen.storyboard; sourceTree = "<group>"; };
		CA8B60962818D78500D7769B /* Info.plist */ = {isa = PBXFileReference; lastKnownFileType = text.plist.xml; path = Info.plist; sourceTree = "<group>"; };
		CA8EE283281D2542002BCCEB /* FIrebaseAPI.swift */ = {isa = PBXFileReference; lastKnownFileType = sourcecode.swift; path = FIrebaseAPI.swift; sourceTree = "<group>"; };
/* End PBXFileReference section */

/* Begin PBXFrameworksBuildPhase section */
		CA8B60822818D78300D7769B /* Frameworks */ = {
			isa = PBXFrameworksBuildPhase;
			buildActionMask = 2147483647;
			files = (
				CA1457C3281C0D9600856D6C /* FirebaseDatabase in Frameworks */,
				CA1457BF281C0D9600856D6C /* FirebaseAuth in Frameworks */,
				CA1457CB281C0D9600856D6C /* FirebaseFirestoreSwift-Beta in Frameworks */,
				CA1457C5281C0D9600856D6C /* FirebaseDatabaseSwift-Beta in Frameworks */,
				CA1457C9281C0D9600856D6C /* FirebaseFirestoreCombine-Community in Frameworks */,
				CA1457D1281C0D9600856D6C /* FirebaseStorageSwift-Beta in Frameworks */,
				CA1457CD281C0D9600856D6C /* FirebaseStorage in Frameworks */,
				CA1457C7281C0D9600856D6C /* FirebaseFirestore in Frameworks */,
				CA1457CF281C0D9600856D6C /* FirebaseStorageCombine-Community in Frameworks */,
				CA1457C1281C0D9600856D6C /* FirebaseAuthCombine-Community in Frameworks */,
			);
			runOnlyForDeploymentPostprocessing = 0;
		};
/* End PBXFrameworksBuildPhase section */

/* Begin PBXGroup section */
		CA14579D281BF9B600856D6C /* Models */ = {
			isa = PBXGroup;
			children = (
				CA14579E281BF9CB00856D6C /* User.swift */,
				CA1457A0281BF9D500856D6C /* Card.swift */,
				CA1457A2281BF9DF00856D6C /* Category.swift */,
			);
			path = Models;
			sourceTree = "<group>";
		};
		CA1457A4281BFCD700856D6C /* Configuration */ = {
			isa = PBXGroup;
			children = (
				CA8B60962818D78500D7769B /* Info.plist */,
				CA1457A5281BFD4800856D6C /* GoogleService-Info.plist */,
			);
			path = Configuration;
			sourceTree = "<group>";
		};
		CA8B607C2818D78300D7769B = {
			isa = PBXGroup;
			children = (
				CA8B60872818D78300D7769B /* ЯзыкЪ */,
				CA8B60862818D78300D7769B /* Products */,
			);
			sourceTree = "<group>";
		};
		CA8B60862818D78300D7769B /* Products */ = {
			isa = PBXGroup;
			children = (
				CA8B60852818D78300D7769B /* ЯзыкЪ.app */,
			);
			name = Products;
			sourceTree = "<group>";
		};
		CA8B60872818D78300D7769B /* ЯзыкЪ */ = {
			isa = PBXGroup;
			children = (
				CA8EE282281D2528002BCCEB /* Protocols */,
				CA1457A4281BFCD700856D6C /* Configuration */,
				CA14579D281BF9B600856D6C /* Models */,
				CA8B60882818D78300D7769B /* AppDelegate.swift */,
				CA8B608A2818D78300D7769B /* SceneDelegate.swift */,
				CA8B608C2818D78300D7769B /* ViewController.swift */,
				CA8B608E2818D78300D7769B /* Main.storyboard */,
				CA8B60912818D78500D7769B /* Assets.xcassets */,
				CA8B60932818D78500D7769B /* LaunchScreen.storyboard */,
			);
			path = "ЯзыкЪ";
			sourceTree = "<group>";
		};
		CA8EE282281D2528002BCCEB /* Protocols */ = {
			isa = PBXGroup;
			children = (
				CA8EE283281D2542002BCCEB /* FIrebaseAPI.swift */,
			);
			path = Protocols;
			sourceTree = "<group>";
		};
/* End PBXGroup section */

/* Begin PBXNativeTarget section */
		CA8B60842818D78300D7769B /* ЯзыкЪ */ = {
			isa = PBXNativeTarget;
			buildConfigurationList = CA8B60992818D78500D7769B /* Build configuration list for PBXNativeTarget "ЯзыкЪ" */;
			buildPhases = (
				CA8B60812818D78300D7769B /* Sources */,
				CA8B60822818D78300D7769B /* Frameworks */,
				CA8B60832818D78300D7769B /* Resources */,
			);
			buildRules = (
			);
			dependencies = (
			);
			name = "ЯзыкЪ";
			packageProductDependencies = (
				CA1457BE281C0D9600856D6C /* FirebaseAuth */,
				CA1457C0281C0D9600856D6C /* FirebaseAuthCombine-Community */,
				CA1457C2281C0D9600856D6C /* FirebaseDatabase */,
				CA1457C4281C0D9600856D6C /* FirebaseDatabaseSwift-Beta */,
				CA1457C6281C0D9600856D6C /* FirebaseFirestore */,
				CA1457C8281C0D9600856D6C /* FirebaseFirestoreCombine-Community */,
				CA1457CA281C0D9600856D6C /* FirebaseFirestoreSwift-Beta */,
				CA1457CC281C0D9600856D6C /* FirebaseStorage */,
				CA1457CE281C0D9600856D6C /* FirebaseStorageCombine-Community */,
				CA1457D0281C0D9600856D6C /* FirebaseStorageSwift-Beta */,
			);
			productName = "ЯзыкЪ";
			productReference = CA8B60852818D78300D7769B /* ЯзыкЪ.app */;
			productType = "com.apple.product-type.application";
		};
/* End PBXNativeTarget section */

/* Begin PBXProject section */
		CA8B607D2818D78300D7769B /* Project object */ = {
			isa = PBXProject;
			attributes = {
				BuildIndependentTargetsInParallel = 1;
				LastSwiftUpdateCheck = 1330;
				LastUpgradeCheck = 1330;
				TargetAttributes = {
					CA8B60842818D78300D7769B = {
						CreatedOnToolsVersion = 13.3;
					};
				};
			};
			buildConfigurationList = CA8B60802818D78300D7769B /* Build configuration list for PBXProject "ЯзыкЪ" */;
			compatibilityVersion = "Xcode 13.0";
			developmentRegion = en;
			hasScannedForEncodings = 0;
			knownRegions = (
				en,
				Base,
			);
			mainGroup = CA8B607C2818D78300D7769B;
			packageReferences = (
				CA1457BD281C0D9600856D6C /* XCRemoteSwiftPackageReference "firebase-ios-sdk" */,
			);
			productRefGroup = CA8B60862818D78300D7769B /* Products */;
			projectDirPath = "";
			projectRoot = "";
			targets = (
				CA8B60842818D78300D7769B /* ЯзыкЪ */,
			);
		};
/* End PBXProject section */

/* Begin PBXResourcesBuildPhase section */
		CA8B60832818D78300D7769B /* Resources */ = {
			isa = PBXResourcesBuildPhase;
			buildActionMask = 2147483647;
			files = (
				CA8B60952818D78500D7769B /* LaunchScreen.storyboard in Resources */,
				CA1457A6281BFD4800856D6C /* GoogleService-Info.plist in Resources */,
				CA8B60922818D78500D7769B /* Assets.xcassets in Resources */,
				CA8B60902818D78300D7769B /* Main.storyboard in Resources */,
			);
			runOnlyForDeploymentPostprocessing = 0;
		};
/* End PBXResourcesBuildPhase section */

/* Begin PBXSourcesBuildPhase section */
		CA8B60812818D78300D7769B /* Sources */ = {
			isa = PBXSourcesBuildPhase;
			buildActionMask = 2147483647;
			files = (
				CA14579F281BF9CB00856D6C /* User.swift in Sources */,
				CA8B608D2818D78300D7769B /* ViewController.swift in Sources */,
				CA1457A1281BF9D500856D6C /* Card.swift in Sources */,
				CA8B60892818D78300D7769B /* AppDelegate.swift in Sources */,
				CA8B608B2818D78300D7769B /* SceneDelegate.swift in Sources */,
				CA8EE284281D2542002BCCEB /* FIrebaseAPI.swift in Sources */,
				CA1457A3281BF9DF00856D6C /* Category.swift in Sources */,
			);
			runOnlyForDeploymentPostprocessing = 0;
		};
/* End PBXSourcesBuildPhase section */

/* Begin PBXVariantGroup section */
		CA8B608E2818D78300D7769B /* Main.storyboard */ = {
			isa = PBXVariantGroup;
			children = (
				CA8B608F2818D78300D7769B /* Base */,
			);
			name = Main.storyboard;
			sourceTree = "<group>";
		};
		CA8B60932818D78500D7769B /* LaunchScreen.storyboard */ = {
			isa = PBXVariantGroup;
			children = (
				CA8B60942818D78500D7769B /* Base */,
			);
			name = LaunchScreen.storyboard;
			sourceTree = "<group>";
		};
/* End PBXVariantGroup section */

/* Begin XCBuildConfiguration section */
		CA8B60972818D78500D7769B /* Debug */ = {
			isa = XCBuildConfiguration;
			buildSettings = {
				ALWAYS_SEARCH_USER_PATHS = NO;
				CLANG_ANALYZER_NONNULL = YES;
				CLANG_ANALYZER_NUMBER_OBJECT_CONVERSION = YES_AGGRESSIVE;
				CLANG_CXX_LANGUAGE_STANDARD = "gnu++17";
				CLANG_ENABLE_MODULES = YES;
				CLANG_ENABLE_OBJC_ARC = YES;
				CLANG_ENABLE_OBJC_WEAK = YES;
				CLANG_WARN_BLOCK_CAPTURE_AUTORELEASING = YES;
				CLANG_WARN_BOOL_CONVERSION = YES;
				CLANG_WARN_COMMA = YES;
				CLANG_WARN_CONSTANT_CONVERSION = YES;
				CLANG_WARN_DEPRECATED_OBJC_IMPLEMENTATIONS = YES;
				CLANG_WARN_DIRECT_OBJC_ISA_USAGE = YES_ERROR;
				CLANG_WARN_DOCUMENTATION_COMMENTS = YES;
				CLANG_WARN_EMPTY_BODY = YES;
				CLANG_WARN_ENUM_CONVERSION = YES;
				CLANG_WARN_INFINITE_RECURSION = YES;
				CLANG_WARN_INT_CONVERSION = YES;
				CLANG_WARN_NON_LITERAL_NULL_CONVERSION = YES;
				CLANG_WARN_OBJC_IMPLICIT_RETAIN_SELF = YES;
				CLANG_WARN_OBJC_LITERAL_CONVERSION = YES;
				CLANG_WARN_OBJC_ROOT_CLASS = YES_ERROR;
				CLANG_WARN_QUOTED_INCLUDE_IN_FRAMEWORK_HEADER = YES;
				CLANG_WARN_RANGE_LOOP_ANALYSIS = YES;
				CLANG_WARN_STRICT_PROTOTYPES = YES;
				CLANG_WARN_SUSPICIOUS_MOVE = YES;
				CLANG_WARN_UNGUARDED_AVAILABILITY = YES_AGGRESSIVE;
				CLANG_WARN_UNREACHABLE_CODE = YES;
				CLANG_WARN__DUPLICATE_METHOD_MATCH = YES;
				COPY_PHASE_STRIP = NO;
				DEBUG_INFORMATION_FORMAT = dwarf;
				ENABLE_STRICT_OBJC_MSGSEND = YES;
				ENABLE_TESTABILITY = YES;
				GCC_C_LANGUAGE_STANDARD = gnu11;
				GCC_DYNAMIC_NO_PIC = NO;
				GCC_NO_COMMON_BLOCKS = YES;
				GCC_OPTIMIZATION_LEVEL = 0;
				GCC_PREPROCESSOR_DEFINITIONS = (
					"DEBUG=1",
					"$(inherited)",
				);
				GCC_WARN_64_TO_32_BIT_CONVERSION = YES;
				GCC_WARN_ABOUT_RETURN_TYPE = YES_ERROR;
				GCC_WARN_UNDECLARED_SELECTOR = YES;
				GCC_WARN_UNINITIALIZED_AUTOS = YES_AGGRESSIVE;
				GCC_WARN_UNUSED_FUNCTION = YES;
				GCC_WARN_UNUSED_VARIABLE = YES;
				IPHONEOS_DEPLOYMENT_TARGET = 15.4;
				MTL_ENABLE_DEBUG_INFO = INCLUDE_SOURCE;
				MTL_FAST_MATH = YES;
				ONLY_ACTIVE_ARCH = YES;
				SDKROOT = iphoneos;
				SWIFT_ACTIVE_COMPILATION_CONDITIONS = DEBUG;
				SWIFT_OPTIMIZATION_LEVEL = "-Onone";
			};
			name = Debug;
		};
		CA8B60982818D78500D7769B /* Release */ = {
			isa = XCBuildConfiguration;
			buildSettings = {
				ALWAYS_SEARCH_USER_PATHS = NO;
				CLANG_ANALYZER_NONNULL = YES;
				CLANG_ANALYZER_NUMBER_OBJECT_CONVERSION = YES_AGGRESSIVE;
				CLANG_CXX_LANGUAGE_STANDARD = "gnu++17";
				CLANG_ENABLE_MODULES = YES;
				CLANG_ENABLE_OBJC_ARC = YES;
				CLANG_ENABLE_OBJC_WEAK = YES;
				CLANG_WARN_BLOCK_CAPTURE_AUTORELEASING = YES;
				CLANG_WARN_BOOL_CONVERSION = YES;
				CLANG_WARN_COMMA = YES;
				CLANG_WARN_CONSTANT_CONVERSION = YES;
				CLANG_WARN_DEPRECATED_OBJC_IMPLEMENTATIONS = YES;
				CLANG_WARN_DIRECT_OBJC_ISA_USAGE = YES_ERROR;
				CLANG_WARN_DOCUMENTATION_COMMENTS = YES;
				CLANG_WARN_EMPTY_BODY = YES;
				CLANG_WARN_ENUM_CONVERSION = YES;
				CLANG_WARN_INFINITE_RECURSION = YES;
				CLANG_WARN_INT_CONVERSION = YES;
				CLANG_WARN_NON_LITERAL_NULL_CONVERSION = YES;
				CLANG_WARN_OBJC_IMPLICIT_RETAIN_SELF = YES;
				CLANG_WARN_OBJC_LITERAL_CONVERSION = YES;
				CLANG_WARN_OBJC_ROOT_CLASS = YES_ERROR;
				CLANG_WARN_QUOTED_INCLUDE_IN_FRAMEWORK_HEADER = YES;
				CLANG_WARN_RANGE_LOOP_ANALYSIS = YES;
				CLANG_WARN_STRICT_PROTOTYPES = YES;
				CLANG_WARN_SUSPICIOUS_MOVE = YES;
				CLANG_WARN_UNGUARDED_AVAILABILITY = YES_AGGRESSIVE;
				CLANG_WARN_UNREACHABLE_CODE = YES;
				CLANG_WARN__DUPLICATE_METHOD_MATCH = YES;
				COPY_PHASE_STRIP = NO;
				DEBUG_INFORMATION_FORMAT = "dwarf-with-dsym";
				ENABLE_NS_ASSERTIONS = NO;
				ENABLE_STRICT_OBJC_MSGSEND = YES;
				GCC_C_LANGUAGE_STANDARD = gnu11;
				GCC_NO_COMMON_BLOCKS = YES;
				GCC_WARN_64_TO_32_BIT_CONVERSION = YES;
				GCC_WARN_ABOUT_RETURN_TYPE = YES_ERROR;
				GCC_WARN_UNDECLARED_SELECTOR = YES;
				GCC_WARN_UNINITIALIZED_AUTOS = YES_AGGRESSIVE;
				GCC_WARN_UNUSED_FUNCTION = YES;
				GCC_WARN_UNUSED_VARIABLE = YES;
				IPHONEOS_DEPLOYMENT_TARGET = 15.4;
				MTL_ENABLE_DEBUG_INFO = NO;
				MTL_FAST_MATH = YES;
				SDKROOT = iphoneos;
				SWIFT_COMPILATION_MODE = wholemodule;
				SWIFT_OPTIMIZATION_LEVEL = "-O";
				VALIDATE_PRODUCT = YES;
			};
			name = Release;
		};
		CA8B609A2818D78500D7769B /* Debug */ = {
			isa = XCBuildConfiguration;
			buildSettings = {
				ASSETCATALOG_COMPILER_APPICON_NAME = AppIcon;
				ASSETCATALOG_COMPILER_GLOBAL_ACCENT_COLOR_NAME = AccentColor;
				CODE_SIGN_STYLE = Automatic;
				CURRENT_PROJECT_VERSION = 1;
				DEVELOPMENT_TEAM = 4NK62H99X6;
				GENERATE_INFOPLIST_FILE = YES;
				INFOPLIST_FILE = "ЯзыкЪ/Configuration/Info.plist";
				INFOPLIST_KEY_CFBundleDisplayName = "ЯзыкЪ";
				INFOPLIST_KEY_UIApplicationSupportsIndirectInputEvents = YES;
				INFOPLIST_KEY_UILaunchStoryboardName = LaunchScreen;
				INFOPLIST_KEY_UIMainStoryboardFile = Main;
				INFOPLIST_KEY_UISupportedInterfaceOrientations_iPad = "UIInterfaceOrientationPortrait UIInterfaceOrientationPortraitUpsideDown UIInterfaceOrientationLandscapeLeft UIInterfaceOrientationLandscapeRight";
				INFOPLIST_KEY_UISupportedInterfaceOrientations_iPhone = "UIInterfaceOrientationPortrait UIInterfaceOrientationLandscapeLeft UIInterfaceOrientationLandscapeRight";
				IPHONEOS_DEPLOYMENT_TARGET = 14.0;
				LD_RUNPATH_SEARCH_PATHS = (
					"$(inherited)",
					"@executable_path/Frameworks",
				);
				MARKETING_VERSION = 1.0.0;
				PRODUCT_BUNDLE_IDENTIFIER = com.jareksedy.tongue;
				PRODUCT_NAME = "$(TARGET_NAME)";
				SWIFT_EMIT_LOC_STRINGS = YES;
				SWIFT_VERSION = 5.0;
				TARGETED_DEVICE_FAMILY = 1;
			};
			name = Debug;
		};
		CA8B609B2818D78500D7769B /* Release */ = {
			isa = XCBuildConfiguration;
			buildSettings = {
				ASSETCATALOG_COMPILER_APPICON_NAME = AppIcon;
				ASSETCATALOG_COMPILER_GLOBAL_ACCENT_COLOR_NAME = AccentColor;
				CODE_SIGN_STYLE = Automatic;
				CURRENT_PROJECT_VERSION = 1;
				DEVELOPMENT_TEAM = 4NK62H99X6;
				GENERATE_INFOPLIST_FILE = YES;
				INFOPLIST_FILE = "ЯзыкЪ/Configuration/Info.plist";
				INFOPLIST_KEY_CFBundleDisplayName = "ЯзыкЪ";
				INFOPLIST_KEY_UIApplicationSupportsIndirectInputEvents = YES;
				INFOPLIST_KEY_UILaunchStoryboardName = LaunchScreen;
				INFOPLIST_KEY_UIMainStoryboardFile = Main;
				INFOPLIST_KEY_UISupportedInterfaceOrientations_iPad = "UIInterfaceOrientationPortrait UIInterfaceOrientationPortraitUpsideDown UIInterfaceOrientationLandscapeLeft UIInterfaceOrientationLandscapeRight";
				INFOPLIST_KEY_UISupportedInterfaceOrientations_iPhone = "UIInterfaceOrientationPortrait UIInterfaceOrientationLandscapeLeft UIInterfaceOrientationLandscapeRight";
				IPHONEOS_DEPLOYMENT_TARGET = 14.0;
				LD_RUNPATH_SEARCH_PATHS = (
					"$(inherited)",
					"@executable_path/Frameworks",
				);
				MARKETING_VERSION = 1.0.0;
				PRODUCT_BUNDLE_IDENTIFIER = com.jareksedy.tongue;
				PRODUCT_NAME = "$(TARGET_NAME)";
				SWIFT_EMIT_LOC_STRINGS = YES;
				SWIFT_VERSION = 5.0;
				TARGETED_DEVICE_FAMILY = 1;
			};
			name = Release;
		};
/* End XCBuildConfiguration section */

/* Begin XCConfigurationList section */
		CA8B60802818D78300D7769B /* Build configuration list for PBXProject "ЯзыкЪ" */ = {
			isa = XCConfigurationList;
			buildConfigurations = (
				CA8B60972818D78500D7769B /* Debug */,
				CA8B60982818D78500D7769B /* Release */,
			);
			defaultConfigurationIsVisible = 0;
			defaultConfigurationName = Release;
		};
		CA8B60992818D78500D7769B /* Build configuration list for PBXNativeTarget "ЯзыкЪ" */ = {
			isa = XCConfigurationList;
			buildConfigurations = (
				CA8B609A2818D78500D7769B /* Debug */,
				CA8B609B2818D78500D7769B /* Release */,
			);
			defaultConfigurationIsVisible = 0;
			defaultConfigurationName = Release;
		};
/* End XCConfigurationList section */

/* Begin XCRemoteSwiftPackageReference section */
		CA1457BD281C0D9600856D6C /* XCRemoteSwiftPackageReference "firebase-ios-sdk" */ = {
			isa = XCRemoteSwiftPackageReference;
			repositoryURL = "https://github.com/firebase/firebase-ios-sdk.git";
			requirement = {
				kind = upToNextMajorVersion;
				minimumVersion = 8.0.0;
			};
		};
/* End XCRemoteSwiftPackageReference section */

/* Begin XCSwiftPackageProductDependency section */
		CA1457BE281C0D9600856D6C /* FirebaseAuth */ = {
			isa = XCSwiftPackageProductDependency;
			package = CA1457BD281C0D9600856D6C /* XCRemoteSwiftPackageReference "firebase-ios-sdk" */;
			productName = FirebaseAuth;
		};
		CA1457C0281C0D9600856D6C /* FirebaseAuthCombine-Community */ = {
			isa = XCSwiftPackageProductDependency;
			package = CA1457BD281C0D9600856D6C /* XCRemoteSwiftPackageReference "firebase-ios-sdk" */;
			productName = "FirebaseAuthCombine-Community";
		};
		CA1457C2281C0D9600856D6C /* FirebaseDatabase */ = {
			isa = XCSwiftPackageProductDependency;
			package = CA1457BD281C0D9600856D6C /* XCRemoteSwiftPackageReference "firebase-ios-sdk" */;
			productName = FirebaseDatabase;
		};
		CA1457C4281C0D9600856D6C /* FirebaseDatabaseSwift-Beta */ = {
			isa = XCSwiftPackageProductDependency;
			package = CA1457BD281C0D9600856D6C /* XCRemoteSwiftPackageReference "firebase-ios-sdk" */;
			productName = "FirebaseDatabaseSwift-Beta";
		};
		CA1457C6281C0D9600856D6C /* FirebaseFirestore */ = {
			isa = XCSwiftPackageProductDependency;
			package = CA1457BD281C0D9600856D6C /* XCRemoteSwiftPackageReference "firebase-ios-sdk" */;
			productName = FirebaseFirestore;
		};
		CA1457C8281C0D9600856D6C /* FirebaseFirestoreCombine-Community */ = {
			isa = XCSwiftPackageProductDependency;
			package = CA1457BD281C0D9600856D6C /* XCRemoteSwiftPackageReference "firebase-ios-sdk" */;
			productName = "FirebaseFirestoreCombine-Community";
		};
		CA1457CA281C0D9600856D6C /* FirebaseFirestoreSwift-Beta */ = {
			isa = XCSwiftPackageProductDependency;
			package = CA1457BD281C0D9600856D6C /* XCRemoteSwiftPackageReference "firebase-ios-sdk" */;
			productName = "FirebaseFirestoreSwift-Beta";
		};
		CA1457CC281C0D9600856D6C /* FirebaseStorage */ = {
			isa = XCSwiftPackageProductDependency;
			package = CA1457BD281C0D9600856D6C /* XCRemoteSwiftPackageReference "firebase-ios-sdk" */;
			productName = FirebaseStorage;
		};
		CA1457CE281C0D9600856D6C /* FirebaseStorageCombine-Community */ = {
			isa = XCSwiftPackageProductDependency;
			package = CA1457BD281C0D9600856D6C /* XCRemoteSwiftPackageReference "firebase-ios-sdk" */;
			productName = "FirebaseStorageCombine-Community";
		};
		CA1457D0281C0D9600856D6C /* FirebaseStorageSwift-Beta */ = {
			isa = XCSwiftPackageProductDependency;
			package = CA1457BD281C0D9600856D6C /* XCRemoteSwiftPackageReference "firebase-ios-sdk" */;
			productName = "FirebaseStorageSwift-Beta";
		};
/* End XCSwiftPackageProductDependency section */
	};
	rootObject = CA8B607D2818D78300D7769B /* Project object */;
}
