// !$*UTF8*$!
{
	archiveVersion = 1;
	classes = {
	};
	objectVersion = 55;
	objects = {

/* Begin PBXBuildFile section */
		CA06A833281CF0E50086BD0B /* LoginSceneViewController.swift in Sources */ = {isa = PBXBuildFile; fileRef = CA06A832281CF0E50086BD0B /* LoginSceneViewController.swift */; };
		CA06A835281CF0F10086BD0B /* LoginScenePresenter.swift in Sources */ = {isa = PBXBuildFile; fileRef = CA06A834281CF0F10086BD0B /* LoginScenePresenter.swift */; };
		CA0955FC2833607700F35D64 /* UITableView.swift in Sources */ = {isa = PBXBuildFile; fileRef = CA0955FB2833607600F35D64 /* UITableView.swift */; };
		CA0955FF283367B200F35D64 /* CategoryTableViewCell.swift in Sources */ = {isa = PBXBuildFile; fileRef = CA0955FD283367B200F35D64 /* CategoryTableViewCell.swift */; };
		CA095600283367B200F35D64 /* CategoryTableViewCell.xib in Resources */ = {isa = PBXBuildFile; fileRef = CA0955FE283367B200F35D64 /* CategoryTableViewCell.xib */; };
		CA0956072833891D00F35D64 /* SearchResultSceneViewController.swift in Sources */ = {isa = PBXBuildFile; fileRef = CA0956062833891D00F35D64 /* SearchResultSceneViewController.swift */; };
		CA0956092833892A00F35D64 /* SearchResultScenePresenter.swift in Sources */ = {isa = PBXBuildFile; fileRef = CA0956082833892A00F35D64 /* SearchResultScenePresenter.swift */; };
		CA152AB228363C0B00564AA5 /* UIStackView.swift in Sources */ = {isa = PBXBuildFile; fileRef = CA152AB128363C0A00564AA5 /* UIStackView.swift */; };
		CA152AB428364FDB00564AA5 /* MainTabBarController.swift in Sources */ = {isa = PBXBuildFile; fileRef = CA152AB328364FDB00564AA5 /* MainTabBarController.swift */; };
		CA1848E82838CB5000E66F2B /* DictionaryResponse.swift in Sources */ = {isa = PBXBuildFile; fileRef = CA1848E72838CB5000E66F2B /* DictionaryResponse.swift */; };
		CA1848EA2838CD0000E66F2B /* AbstractErrorParser.swift in Sources */ = {isa = PBXBuildFile; fileRef = CA1848E92838CD0000E66F2B /* AbstractErrorParser.swift */; };
		CA1848ED2838CD2700E66F2B /* ErrorParser.swift in Sources */ = {isa = PBXBuildFile; fileRef = CA1848EC2838CD2700E66F2B /* ErrorParser.swift */; };
		CA1848EF2838CD4300E66F2B /* ResponseCodable.swift in Sources */ = {isa = PBXBuildFile; fileRef = CA1848EE2838CD4300E66F2B /* ResponseCodable.swift */; };
		CA1848F22838CDB900E66F2B /* Alamofire in Frameworks */ = {isa = PBXBuildFile; productRef = CA1848F12838CDB900E66F2B /* Alamofire */; };
		CA1848F42838CDF200E66F2B /* AbstractRequestFactory.swift in Sources */ = {isa = PBXBuildFile; fileRef = CA1848F32838CDF100E66F2B /* AbstractRequestFactory.swift */; };
		CA1848F62838CE3800E66F2B /* RequestRouter.swift in Sources */ = {isa = PBXBuildFile; fileRef = CA1848F52838CE3800E66F2B /* RequestRouter.swift */; };
		CA1848F92838CE9200E66F2B /* DictionaryRequest.swift in Sources */ = {isa = PBXBuildFile; fileRef = CA1848F82838CE9200E66F2B /* DictionaryRequest.swift */; };
		CA1848FB2838CF8500E66F2B /* RequestFactory.swift in Sources */ = {isa = PBXBuildFile; fileRef = CA1848FA2838CF8500E66F2B /* RequestFactory.swift */; };
		CA1848FE2838D00B00E66F2B /* DictionaryRequestFactory.swift in Sources */ = {isa = PBXBuildFile; fileRef = CA1848FD2838D00B00E66F2B /* DictionaryRequestFactory.swift */; };
		CA1849022838D7CA00E66F2B /* APIKeys.swift in Sources */ = {isa = PBXBuildFile; fileRef = CA1849012838D7CA00E66F2B /* APIKeys.swift */; };
		CA6AFD862827A7C70098718E /* MockCardsProvider.swift in Sources */ = {isa = PBXBuildFile; fileRef = CA6AFD852827A7C70098718E /* MockCardsProvider.swift */; };
		CA6AFD972827AA8D0098718E /* MainNavigationController.swift in Sources */ = {isa = PBXBuildFile; fileRef = CA6AFD942827AA8C0098718E /* MainNavigationController.swift */; };
		CA6AFD992827AA8D0098718E /* ScrollOverlayView.swift in Sources */ = {isa = PBXBuildFile; fileRef = CA6AFD932827AA8C0098718E /* ScrollOverlayView.swift */; };
		CA6AFD9A2827AA8D0098718E /* EmptyCardView.swift in Sources */ = {isa = PBXBuildFile; fileRef = CA6AFD922827AA8C0098718E /* EmptyCardView.swift */; };
		CA6AFD9B2827AA8D0098718E /* CardView.swift in Sources */ = {isa = PBXBuildFile; fileRef = CA6AFD962827AA8D0098718E /* CardView.swift */; };
		CA6AFD9F2827AAAF0098718E /* UIColor.swift in Sources */ = {isa = PBXBuildFile; fileRef = CA6AFD9D2827AAAF0098718E /* UIColor.swift */; };
		CA6AFDA02827AAAF0098718E /* String.swift in Sources */ = {isa = PBXBuildFile; fileRef = CA6AFD9E2827AAAF0098718E /* String.swift */; };
		CA6AFDA42827AAEB0098718E /* MainScenePresenter.swift in Sources */ = {isa = PBXBuildFile; fileRef = CA6AFDA32827AAEB0098718E /* MainScenePresenter.swift */; };
		CA6AFDA52827AAEB0098718E /* MainSceneViewController.swift in Sources */ = {isa = PBXBuildFile; fileRef = CA6AFDA22827AAEB0098718E /* MainSceneViewController.swift */; };
		CA6AFDA92827AAFF0098718E /* AddCardScenePresenter.swift in Sources */ = {isa = PBXBuildFile; fileRef = CA6AFDA72827AAFE0098718E /* AddCardScenePresenter.swift */; };
		CA6AFDAA2827AAFF0098718E /* AddCardSceneViewController.swift in Sources */ = {isa = PBXBuildFile; fileRef = CA6AFDA82827AAFF0098718E /* AddCardSceneViewController.swift */; };
		CA6AFDAE2827AB100098718E /* ProfileSceneViewController.swift in Sources */ = {isa = PBXBuildFile; fileRef = CA6AFDAC2827AB100098718E /* ProfileSceneViewController.swift */; };
		CA6AFDAF2827AB100098718E /* ProfileScenePresenter.swift in Sources */ = {isa = PBXBuildFile; fileRef = CA6AFDAD2827AB100098718E /* ProfileScenePresenter.swift */; };
		CA6AFDB32827AB1F0098718E /* SearchSceneViewController.swift in Sources */ = {isa = PBXBuildFile; fileRef = CA6AFDB22827AB1F0098718E /* SearchSceneViewController.swift */; };
		CA6AFDB42827AB1F0098718E /* SearchScenePresenter.swift in Sources */ = {isa = PBXBuildFile; fileRef = CA6AFDB12827AB1F0098718E /* SearchScenePresenter.swift */; };
		CA6AFDB9282804E70098718E /* GreetingGenerator.swift in Sources */ = {isa = PBXBuildFile; fileRef = CA6AFDB8282804E70098718E /* GreetingGenerator.swift */; };
		CA6AFDBB2828150F0098718E /* Greeting.swift in Sources */ = {isa = PBXBuildFile; fileRef = CA6AFDBA2828150F0098718E /* Greeting.swift */; };
		CA6AFDBD282828490098718E /* StandardButton.swift in Sources */ = {isa = PBXBuildFile; fileRef = CA6AFDBC282828490098718E /* StandardButton.swift */; };
		CA847191282B97A8008861E5 /* UserFirebase.swift in Sources */ = {isa = PBXBuildFile; fileRef = CA847190282B97A8008861E5 /* UserFirebase.swift */; };
		CA847193282B97BC008861E5 /* CardFirebase.swift in Sources */ = {isa = PBXBuildFile; fileRef = CA847192282B97BC008861E5 /* CardFirebase.swift */; };
		CA847195282B97CB008861E5 /* CardsCategoryFirebase.swift in Sources */ = {isa = PBXBuildFile; fileRef = CA847194282B97CB008861E5 /* CardsCategoryFirebase.swift */; };
		CA862F5D28225840002AFB6A /* Firebasable.swift in Sources */ = {isa = PBXBuildFile; fileRef = CA862F5C28225840002AFB6A /* Firebasable.swift */; };
		CA862F6028225884002AFB6A /* User.swift in Sources */ = {isa = PBXBuildFile; fileRef = CA862F5F28225884002AFB6A /* User.swift */; };
		CA862F62282258BF002AFB6A /* Card.swift in Sources */ = {isa = PBXBuildFile; fileRef = CA862F61282258BF002AFB6A /* Card.swift */; };
		CA862F64282258EF002AFB6A /* CardsCategory.swift in Sources */ = {isa = PBXBuildFile; fileRef = CA862F63282258EF002AFB6A /* CardsCategory.swift */; };
		CA862F6A28225AFB002AFB6A /* FirebaseAPI.swift in Sources */ = {isa = PBXBuildFile; fileRef = CA862F6928225AFB002AFB6A /* FirebaseAPI.swift */; };
		CA8B60892818D78300D7769B /* AppDelegate.swift in Sources */ = {isa = PBXBuildFile; fileRef = CA8B60882818D78300D7769B /* AppDelegate.swift */; };
		CA8B608B2818D78300D7769B /* SceneDelegate.swift in Sources */ = {isa = PBXBuildFile; fileRef = CA8B608A2818D78300D7769B /* SceneDelegate.swift */; };
		CA8B60902818D78300D7769B /* Main.storyboard in Resources */ = {isa = PBXBuildFile; fileRef = CA8B608E2818D78300D7769B /* Main.storyboard */; };
		CA8B60922818D78500D7769B /* Assets.xcassets in Resources */ = {isa = PBXBuildFile; fileRef = CA8B60912818D78500D7769B /* Assets.xcassets */; };
		CA8B60952818D78500D7769B /* LaunchScreen.storyboard in Resources */ = {isa = PBXBuildFile; fileRef = CA8B60932818D78500D7769B /* LaunchScreen.storyboard */; };
		CA8C7E6028341FE90039E5E4 /* QuickStatsTableViewCell.swift in Sources */ = {isa = PBXBuildFile; fileRef = CA8C7E5E28341FE90039E5E4 /* QuickStatsTableViewCell.swift */; };
		CA8C7E6128341FE90039E5E4 /* QuickStatsTableViewCell.xib in Resources */ = {isa = PBXBuildFile; fileRef = CA8C7E5F28341FE90039E5E4 /* QuickStatsTableViewCell.xib */; };
		CA97ED1128356977006BD7C7 /* LoginScene.storyboard in Resources */ = {isa = PBXBuildFile; fileRef = CA97ED0F28356977006BD7C7 /* LoginScene.storyboard */; };
		CA97ED13283569DB006BD7C7 /* MainScene.storyboard in Resources */ = {isa = PBXBuildFile; fileRef = CA97ED12283569DB006BD7C7 /* MainScene.storyboard */; };
		CA97ED1628356A44006BD7C7 /* AddCardScene.storyboard in Resources */ = {isa = PBXBuildFile; fileRef = CA97ED1428356A44006BD7C7 /* AddCardScene.storyboard */; };
		CA97ED1928356ADA006BD7C7 /* SearchScene.storyboard in Resources */ = {isa = PBXBuildFile; fileRef = CA97ED1728356ADA006BD7C7 /* SearchScene.storyboard */; };
		CA97ED1B28356B40006BD7C7 /* SearchResultScene.storyboard in Resources */ = {isa = PBXBuildFile; fileRef = CA97ED1A28356B40006BD7C7 /* SearchResultScene.storyboard */; };
		CA97ED1E28356B9B006BD7C7 /* ProfileScene.storyboard in Resources */ = {isa = PBXBuildFile; fileRef = CA97ED1C28356B9B006BD7C7 /* ProfileScene.storyboard */; };
		CAA118F7282F60CF0056013D /* CGFloat.swift in Sources */ = {isa = PBXBuildFile; fileRef = CAA118F6282F60CF0056013D /* CGFloat.swift */; };
		CAA118FA2830295E0056013D /* UIView.swift in Sources */ = {isa = PBXBuildFile; fileRef = CAA118F92830295E0056013D /* UIView.swift */; };
		CAA5B77E2839FFB400EC00D5 /* Foil in Frameworks */ = {isa = PBXBuildFile; productRef = CAA5B77D2839FFB400EC00D5 /* Foil */; };
		CAA663E4282BD4E900BC975E /* FirebaseAuth in Frameworks */ = {isa = PBXBuildFile; productRef = CAA663E3282BD4E900BC975E /* FirebaseAuth */; };
		CAA663E6282BD4E900BC975E /* FirebaseAuthCombine-Community in Frameworks */ = {isa = PBXBuildFile; productRef = CAA663E5282BD4E900BC975E /* FirebaseAuthCombine-Community */; };
		CAA663E8282BD4E900BC975E /* FirebaseDatabase in Frameworks */ = {isa = PBXBuildFile; productRef = CAA663E7282BD4E900BC975E /* FirebaseDatabase */; };
		CAA663EA282BD4E900BC975E /* FirebaseDatabaseSwift-Beta in Frameworks */ = {isa = PBXBuildFile; productRef = CAA663E9282BD4E900BC975E /* FirebaseDatabaseSwift-Beta */; };
		CAA663EE282BD81800BC975E /* GoogleService-Info.plist in Resources */ = {isa = PBXBuildFile; fileRef = CAA663ED282BD81800BC975E /* GoogleService-Info.plist */; };
		CADE437D2830B8C300CDFF1A /* MockCategoriesProvider.swift in Sources */ = {isa = PBXBuildFile; fileRef = CADE437C2830B8C300CDFF1A /* MockCategoriesProvider.swift */; };
/* End PBXBuildFile section */

/* Begin PBXFileReference section */
		CA06A832281CF0E50086BD0B /* LoginSceneViewController.swift */ = {isa = PBXFileReference; lastKnownFileType = sourcecode.swift; path = LoginSceneViewController.swift; sourceTree = "<group>"; };
		CA06A834281CF0F10086BD0B /* LoginScenePresenter.swift */ = {isa = PBXFileReference; lastKnownFileType = sourcecode.swift; path = LoginScenePresenter.swift; sourceTree = "<group>"; };
		CA0955FB2833607600F35D64 /* UITableView.swift */ = {isa = PBXFileReference; lastKnownFileType = sourcecode.swift; path = UITableView.swift; sourceTree = "<group>"; };
		CA0955FD283367B200F35D64 /* CategoryTableViewCell.swift */ = {isa = PBXFileReference; lastKnownFileType = sourcecode.swift; path = CategoryTableViewCell.swift; sourceTree = "<group>"; };
		CA0955FE283367B200F35D64 /* CategoryTableViewCell.xib */ = {isa = PBXFileReference; lastKnownFileType = file.xib; path = CategoryTableViewCell.xib; sourceTree = "<group>"; };
		CA0956062833891D00F35D64 /* SearchResultSceneViewController.swift */ = {isa = PBXFileReference; lastKnownFileType = sourcecode.swift; path = SearchResultSceneViewController.swift; sourceTree = "<group>"; };
		CA0956082833892A00F35D64 /* SearchResultScenePresenter.swift */ = {isa = PBXFileReference; lastKnownFileType = sourcecode.swift; path = SearchResultScenePresenter.swift; sourceTree = "<group>"; };
		CA152AB128363C0A00564AA5 /* UIStackView.swift */ = {isa = PBXFileReference; lastKnownFileType = sourcecode.swift; path = UIStackView.swift; sourceTree = "<group>"; };
		CA152AB328364FDB00564AA5 /* MainTabBarController.swift */ = {isa = PBXFileReference; lastKnownFileType = sourcecode.swift; path = MainTabBarController.swift; sourceTree = "<group>"; };
		CA1848E72838CB5000E66F2B /* DictionaryResponse.swift */ = {isa = PBXFileReference; lastKnownFileType = sourcecode.swift; path = DictionaryResponse.swift; sourceTree = "<group>"; };
		CA1848E92838CD0000E66F2B /* AbstractErrorParser.swift */ = {isa = PBXFileReference; lastKnownFileType = sourcecode.swift; path = AbstractErrorParser.swift; sourceTree = "<group>"; };
		CA1848EC2838CD2700E66F2B /* ErrorParser.swift */ = {isa = PBXFileReference; lastKnownFileType = sourcecode.swift; path = ErrorParser.swift; sourceTree = "<group>"; };
		CA1848EE2838CD4300E66F2B /* ResponseCodable.swift */ = {isa = PBXFileReference; lastKnownFileType = sourcecode.swift; path = ResponseCodable.swift; sourceTree = "<group>"; };
		CA1848F32838CDF100E66F2B /* AbstractRequestFactory.swift */ = {isa = PBXFileReference; lastKnownFileType = sourcecode.swift; path = AbstractRequestFactory.swift; sourceTree = "<group>"; };
		CA1848F52838CE3800E66F2B /* RequestRouter.swift */ = {isa = PBXFileReference; lastKnownFileType = sourcecode.swift; path = RequestRouter.swift; sourceTree = "<group>"; };
		CA1848F82838CE9200E66F2B /* DictionaryRequest.swift */ = {isa = PBXFileReference; lastKnownFileType = sourcecode.swift; path = DictionaryRequest.swift; sourceTree = "<group>"; };
		CA1848FA2838CF8500E66F2B /* RequestFactory.swift */ = {isa = PBXFileReference; lastKnownFileType = sourcecode.swift; path = RequestFactory.swift; sourceTree = "<group>"; };
		CA1848FD2838D00B00E66F2B /* DictionaryRequestFactory.swift */ = {isa = PBXFileReference; lastKnownFileType = sourcecode.swift; path = DictionaryRequestFactory.swift; sourceTree = "<group>"; };
		CA1849012838D7CA00E66F2B /* APIKeys.swift */ = {isa = PBXFileReference; lastKnownFileType = sourcecode.swift; path = APIKeys.swift; sourceTree = "<group>"; };
		CA6AFD852827A7C70098718E /* MockCardsProvider.swift */ = {isa = PBXFileReference; fileEncoding = 4; lastKnownFileType = sourcecode.swift; path = MockCardsProvider.swift; sourceTree = "<group>"; };
		CA6AFD922827AA8C0098718E /* EmptyCardView.swift */ = {isa = PBXFileReference; lastKnownFileType = sourcecode.swift; path = EmptyCardView.swift; sourceTree = "<group>"; };
		CA6AFD932827AA8C0098718E /* ScrollOverlayView.swift */ = {isa = PBXFileReference; lastKnownFileType = sourcecode.swift; path = ScrollOverlayView.swift; sourceTree = "<group>"; };
		CA6AFD942827AA8C0098718E /* MainNavigationController.swift */ = {isa = PBXFileReference; lastKnownFileType = sourcecode.swift; path = MainNavigationController.swift; sourceTree = "<group>"; };
		CA6AFD962827AA8D0098718E /* CardView.swift */ = {isa = PBXFileReference; lastKnownFileType = sourcecode.swift; path = CardView.swift; sourceTree = "<group>"; };
		CA6AFD9D2827AAAF0098718E /* UIColor.swift */ = {isa = PBXFileReference; lastKnownFileType = sourcecode.swift; path = UIColor.swift; sourceTree = "<group>"; };
		CA6AFD9E2827AAAF0098718E /* String.swift */ = {isa = PBXFileReference; lastKnownFileType = sourcecode.swift; path = String.swift; sourceTree = "<group>"; };
		CA6AFDA22827AAEB0098718E /* MainSceneViewController.swift */ = {isa = PBXFileReference; lastKnownFileType = sourcecode.swift; path = MainSceneViewController.swift; sourceTree = "<group>"; };
		CA6AFDA32827AAEB0098718E /* MainScenePresenter.swift */ = {isa = PBXFileReference; lastKnownFileType = sourcecode.swift; path = MainScenePresenter.swift; sourceTree = "<group>"; };
		CA6AFDA72827AAFE0098718E /* AddCardScenePresenter.swift */ = {isa = PBXFileReference; lastKnownFileType = sourcecode.swift; path = AddCardScenePresenter.swift; sourceTree = "<group>"; };
		CA6AFDA82827AAFF0098718E /* AddCardSceneViewController.swift */ = {isa = PBXFileReference; lastKnownFileType = sourcecode.swift; path = AddCardSceneViewController.swift; sourceTree = "<group>"; };
		CA6AFDAC2827AB100098718E /* ProfileSceneViewController.swift */ = {isa = PBXFileReference; lastKnownFileType = sourcecode.swift; path = ProfileSceneViewController.swift; sourceTree = "<group>"; };
		CA6AFDAD2827AB100098718E /* ProfileScenePresenter.swift */ = {isa = PBXFileReference; lastKnownFileType = sourcecode.swift; path = ProfileScenePresenter.swift; sourceTree = "<group>"; };
		CA6AFDB12827AB1F0098718E /* SearchScenePresenter.swift */ = {isa = PBXFileReference; lastKnownFileType = sourcecode.swift; path = SearchScenePresenter.swift; sourceTree = "<group>"; };
		CA6AFDB22827AB1F0098718E /* SearchSceneViewController.swift */ = {isa = PBXFileReference; lastKnownFileType = sourcecode.swift; path = SearchSceneViewController.swift; sourceTree = "<group>"; };
		CA6AFDB8282804E70098718E /* GreetingGenerator.swift */ = {isa = PBXFileReference; lastKnownFileType = sourcecode.swift; path = GreetingGenerator.swift; sourceTree = "<group>"; };
		CA6AFDBA2828150F0098718E /* Greeting.swift */ = {isa = PBXFileReference; lastKnownFileType = sourcecode.swift; path = Greeting.swift; sourceTree = "<group>"; };
		CA6AFDBC282828490098718E /* StandardButton.swift */ = {isa = PBXFileReference; lastKnownFileType = sourcecode.swift; path = StandardButton.swift; sourceTree = "<group>"; };
		CA847190282B97A8008861E5 /* UserFirebase.swift */ = {isa = PBXFileReference; fileEncoding = 4; lastKnownFileType = sourcecode.swift; path = UserFirebase.swift; sourceTree = "<group>"; };
		CA847192282B97BC008861E5 /* CardFirebase.swift */ = {isa = PBXFileReference; fileEncoding = 4; lastKnownFileType = sourcecode.swift; path = CardFirebase.swift; sourceTree = "<group>"; };
		CA847194282B97CB008861E5 /* CardsCategoryFirebase.swift */ = {isa = PBXFileReference; fileEncoding = 4; lastKnownFileType = sourcecode.swift; path = CardsCategoryFirebase.swift; sourceTree = "<group>"; };
		CA862F5C28225840002AFB6A /* Firebasable.swift */ = {isa = PBXFileReference; lastKnownFileType = sourcecode.swift; path = Firebasable.swift; sourceTree = "<group>"; };
		CA862F5F28225884002AFB6A /* User.swift */ = {isa = PBXFileReference; lastKnownFileType = sourcecode.swift; path = User.swift; sourceTree = "<group>"; };
		CA862F61282258BF002AFB6A /* Card.swift */ = {isa = PBXFileReference; lastKnownFileType = sourcecode.swift; path = Card.swift; sourceTree = "<group>"; };
		CA862F63282258EF002AFB6A /* CardsCategory.swift */ = {isa = PBXFileReference; lastKnownFileType = sourcecode.swift; path = CardsCategory.swift; sourceTree = "<group>"; };
		CA862F6928225AFB002AFB6A /* FirebaseAPI.swift */ = {isa = PBXFileReference; lastKnownFileType = sourcecode.swift; path = FirebaseAPI.swift; sourceTree = "<group>"; };
		CA8B60852818D78300D7769B /* ЯзыкЪ.app */ = {isa = PBXFileReference; explicitFileType = wrapper.application; includeInIndex = 0; path = "ЯзыкЪ.app"; sourceTree = BUILT_PRODUCTS_DIR; };
		CA8B60882818D78300D7769B /* AppDelegate.swift */ = {isa = PBXFileReference; lastKnownFileType = sourcecode.swift; path = AppDelegate.swift; sourceTree = "<group>"; };
		CA8B608A2818D78300D7769B /* SceneDelegate.swift */ = {isa = PBXFileReference; lastKnownFileType = sourcecode.swift; path = SceneDelegate.swift; sourceTree = "<group>"; };
		CA8B608F2818D78300D7769B /* Base */ = {isa = PBXFileReference; lastKnownFileType = file.storyboard; name = Base; path = Base.lproj/Main.storyboard; sourceTree = "<group>"; };
		CA8B60912818D78500D7769B /* Assets.xcassets */ = {isa = PBXFileReference; lastKnownFileType = folder.assetcatalog; path = Assets.xcassets; sourceTree = "<group>"; };
		CA8B60942818D78500D7769B /* Base */ = {isa = PBXFileReference; lastKnownFileType = file.storyboard; name = Base; path = Base.lproj/LaunchScreen.storyboard; sourceTree = "<group>"; };
		CA8B60962818D78500D7769B /* Info.plist */ = {isa = PBXFileReference; lastKnownFileType = text.plist.xml; path = Info.plist; sourceTree = "<group>"; };
		CA8C7E5E28341FE90039E5E4 /* QuickStatsTableViewCell.swift */ = {isa = PBXFileReference; lastKnownFileType = sourcecode.swift; path = QuickStatsTableViewCell.swift; sourceTree = "<group>"; };
		CA8C7E5F28341FE90039E5E4 /* QuickStatsTableViewCell.xib */ = {isa = PBXFileReference; lastKnownFileType = file.xib; path = QuickStatsTableViewCell.xib; sourceTree = "<group>"; };
		CA97ED1028356977006BD7C7 /* Base */ = {isa = PBXFileReference; lastKnownFileType = file.storyboard; name = Base; path = "ЯзыкЪ/Resources/Base.lproj/LoginScene.storyboard"; sourceTree = "<group>"; };
		CA97ED12283569DB006BD7C7 /* MainScene.storyboard */ = {isa = PBXFileReference; fileEncoding = 4; lastKnownFileType = file.storyboard; path = MainScene.storyboard; sourceTree = "<group>"; };
		CA97ED1528356A44006BD7C7 /* Base */ = {isa = PBXFileReference; lastKnownFileType = file.storyboard; name = Base; path = "ЯзыкЪ/Resources/Base.lproj/AddCardScene.storyboard"; sourceTree = "<group>"; };
		CA97ED1828356ADA006BD7C7 /* Base */ = {isa = PBXFileReference; lastKnownFileType = file.storyboard; name = Base; path = "ЯзыкЪ/Resources/Base.lproj/SearchScene.storyboard"; sourceTree = "<group>"; };
		CA97ED1A28356B40006BD7C7 /* SearchResultScene.storyboard */ = {isa = PBXFileReference; fileEncoding = 4; lastKnownFileType = file.storyboard; path = SearchResultScene.storyboard; sourceTree = "<group>"; };
		CA97ED1D28356B9B006BD7C7 /* Base */ = {isa = PBXFileReference; lastKnownFileType = file.storyboard; name = Base; path = "ЯзыкЪ/Resources/Base.lproj/ProfileScene.storyboard"; sourceTree = "<group>"; };
		CAA118F6282F60CF0056013D /* CGFloat.swift */ = {isa = PBXFileReference; lastKnownFileType = sourcecode.swift; path = CGFloat.swift; sourceTree = "<group>"; };
		CAA118F92830295E0056013D /* UIView.swift */ = {isa = PBXFileReference; lastKnownFileType = sourcecode.swift; path = UIView.swift; sourceTree = "<group>"; };
		CAA663ED282BD81800BC975E /* GoogleService-Info.plist */ = {isa = PBXFileReference; fileEncoding = 4; lastKnownFileType = text.plist.xml; path = "GoogleService-Info.plist"; sourceTree = "<group>"; };
		CADE437C2830B8C300CDFF1A /* MockCategoriesProvider.swift */ = {isa = PBXFileReference; lastKnownFileType = sourcecode.swift; path = MockCategoriesProvider.swift; sourceTree = "<group>"; };
/* End PBXFileReference section */

/* Begin PBXFrameworksBuildPhase section */
		CA8B60822818D78300D7769B /* Frameworks */ = {
			isa = PBXFrameworksBuildPhase;
			buildActionMask = 2147483647;
			files = (
				CA1848F22838CDB900E66F2B /* Alamofire in Frameworks */,
				CAA663E8282BD4E900BC975E /* FirebaseDatabase in Frameworks */,
				CAA663E4282BD4E900BC975E /* FirebaseAuth in Frameworks */,
				CAA663EA282BD4E900BC975E /* FirebaseDatabaseSwift-Beta in Frameworks */,
				CAA5B77E2839FFB400EC00D5 /* Foil in Frameworks */,
				CAA663E6282BD4E900BC975E /* FirebaseAuthCombine-Community in Frameworks */,
			);
			runOnlyForDeploymentPostprocessing = 0;
		};
/* End PBXFrameworksBuildPhase section */

/* Begin PBXGroup section */
		CA06A836281CF0F60086BD0B /* LoginScene */ = {
			isa = PBXGroup;
			children = (
				CA97ED0F28356977006BD7C7 /* LoginScene.storyboard */,
				CA06A832281CF0E50086BD0B /* LoginSceneViewController.swift */,
				CA06A834281CF0F10086BD0B /* LoginScenePresenter.swift */,
			);
			path = LoginScene;
			sourceTree = "<group>";
		};
		CA095601283367BD00F35D64 /* CategoryTableViewCell */ = {
			isa = PBXGroup;
			children = (
				CA0955FE283367B200F35D64 /* CategoryTableViewCell.xib */,
				CA0955FD283367B200F35D64 /* CategoryTableViewCell.swift */,
			);
			path = CategoryTableViewCell;
			sourceTree = "<group>";
		};
		CA0956022833867700F35D64 /* SearchResultScene */ = {
			isa = PBXGroup;
			children = (
				CA97ED1A28356B40006BD7C7 /* SearchResultScene.storyboard */,
				CA0956062833891D00F35D64 /* SearchResultSceneViewController.swift */,
				CA0956082833892A00F35D64 /* SearchResultScenePresenter.swift */,
			);
			path = SearchResultScene;
			sourceTree = "<group>";
		};
		CA1848EB2838CD0C00E66F2B /* Network */ = {
			isa = PBXGroup;
			children = (
				CA1848E92838CD0000E66F2B /* AbstractErrorParser.swift */,
				CA1848EC2838CD2700E66F2B /* ErrorParser.swift */,
				CA1848EE2838CD4300E66F2B /* ResponseCodable.swift */,
				CA1848F32838CDF100E66F2B /* AbstractRequestFactory.swift */,
				CA1848F52838CE3800E66F2B /* RequestRouter.swift */,
			);
			path = Network;
			sourceTree = "<group>";
		};
		CA1848F72838CE7200E66F2B /* Network */ = {
			isa = PBXGroup;
			children = (
				CA1848F82838CE9200E66F2B /* DictionaryRequest.swift */,
				CA1848E72838CB5000E66F2B /* DictionaryResponse.swift */,
			);
			path = Network;
			sourceTree = "<group>";
		};
		CA1848FC2838CF8A00E66F2B /* Network */ = {
			isa = PBXGroup;
			children = (
				CA1848FA2838CF8500E66F2B /* RequestFactory.swift */,
				CA1848FD2838D00B00E66F2B /* DictionaryRequestFactory.swift */,
			);
			path = Network;
			sourceTree = "<group>";
		};
		CA6AFD9C2827AA9F0098718E /* Elements */ = {
			isa = PBXGroup;
			children = (
				CA6AFD942827AA8C0098718E /* MainNavigationController.swift */,
				CA152AB328364FDB00564AA5 /* MainTabBarController.swift */,
				CA6AFDBC282828490098718E /* StandardButton.swift */,
				CA6AFD932827AA8C0098718E /* ScrollOverlayView.swift */,
				CA6AFD962827AA8D0098718E /* CardView.swift */,
				CA6AFD922827AA8C0098718E /* EmptyCardView.swift */,
			);
			path = Elements;
			sourceTree = "<group>";
		};
		CA6AFDA12827AAB60098718E /* Helpers */ = {
			isa = PBXGroup;
			children = (
				CAA118F92830295E0056013D /* UIView.swift */,
				CA0955FB2833607600F35D64 /* UITableView.swift */,
				CA152AB128363C0A00564AA5 /* UIStackView.swift */,
				CA6AFD9E2827AAAF0098718E /* String.swift */,
				CA6AFD9D2827AAAF0098718E /* UIColor.swift */,
				CAA118F6282F60CF0056013D /* CGFloat.swift */,
			);
			path = Helpers;
			sourceTree = "<group>";
		};
		CA6AFDA62827AAF30098718E /* MainScene */ = {
			isa = PBXGroup;
			children = (
				CA97ED12283569DB006BD7C7 /* MainScene.storyboard */,
				CA6AFDA22827AAEB0098718E /* MainSceneViewController.swift */,
				CA6AFDA32827AAEB0098718E /* MainScenePresenter.swift */,
			);
			path = MainScene;
			sourceTree = "<group>";
		};
		CA6AFDAB2827AB060098718E /* AddCardScene */ = {
			isa = PBXGroup;
			children = (
				CA97ED1428356A44006BD7C7 /* AddCardScene.storyboard */,
				CA6AFDA82827AAFF0098718E /* AddCardSceneViewController.swift */,
				CA6AFDA72827AAFE0098718E /* AddCardScenePresenter.swift */,
			);
			path = AddCardScene;
			sourceTree = "<group>";
		};
		CA6AFDB02827AB170098718E /* ProfileScene */ = {
			isa = PBXGroup;
			children = (
				CA8C7E6228341FF30039E5E4 /* QuickStatsTableViewCell */,
				CA97ED1C28356B9B006BD7C7 /* ProfileScene.storyboard */,
				CA6AFDAC2827AB100098718E /* ProfileSceneViewController.swift */,
				CA6AFDAD2827AB100098718E /* ProfileScenePresenter.swift */,
			);
			path = ProfileScene;
			sourceTree = "<group>";
		};
		CA6AFDB52827AB260098718E /* SearchScene */ = {
			isa = PBXGroup;
			children = (
				CA095601283367BD00F35D64 /* CategoryTableViewCell */,
				CA97ED1728356ADA006BD7C7 /* SearchScene.storyboard */,
				CA6AFDB22827AB1F0098718E /* SearchSceneViewController.swift */,
				CA6AFDB12827AB1F0098718E /* SearchScenePresenter.swift */,
			);
			path = SearchScene;
			sourceTree = "<group>";
		};
		CA862F5B28225827002AFB6A /* FirebaseAPI */ = {
			isa = PBXGroup;
			children = (
				CA862F5C28225840002AFB6A /* Firebasable.swift */,
				CA862F6928225AFB002AFB6A /* FirebaseAPI.swift */,
			);
			path = FirebaseAPI;
			sourceTree = "<group>";
		};
		CA862F6828225AEB002AFB6A /* GreetingGenerator */ = {
			isa = PBXGroup;
			children = (
				CA6AFDB8282804E70098718E /* GreetingGenerator.swift */,
			);
			path = GreetingGenerator;
			sourceTree = "<group>";
		};
		CA8B607C2818D78300D7769B = {
			isa = PBXGroup;
			children = (
				CA8B60872818D78300D7769B /* ЯзыкЪ */,
				CA8B60862818D78300D7769B /* Products */,
			);
			sourceTree = "<group>";
		};
		CA8B60862818D78300D7769B /* Products */ = {
			isa = PBXGroup;
			children = (
				CA8B60852818D78300D7769B /* ЯзыкЪ.app */,
			);
			name = Products;
			sourceTree = "<group>";
		};
		CA8B60872818D78300D7769B /* ЯзыкЪ */ = {
			isa = PBXGroup;
			children = (
				CAA118EF282F5A020056013D /* App */,
				CAA118F0282F5A090056013D /* Core */,
				CAA118F1282F5A150056013D /* Resources */,
				CAA118F2282F5A1C0056013D /* Environments */,
			);
			path = "ЯзыкЪ";
			sourceTree = "<group>";
		};
		CA8C7E6228341FF30039E5E4 /* QuickStatsTableViewCell */ = {
			isa = PBXGroup;
			children = (
				CA8C7E5F28341FE90039E5E4 /* QuickStatsTableViewCell.xib */,
				CA8C7E5E28341FE90039E5E4 /* QuickStatsTableViewCell.swift */,
			);
			path = QuickStatsTableViewCell;
			sourceTree = "<group>";
		};
		CAA118EF282F5A020056013D /* App */ = {
			isa = PBXGroup;
			children = (
				CAA118F3282F5A530056013D /* BusinessLogic */,
				CAA118F4282F5A5E0056013D /* Entities */,
				CAA118F5282F5A770056013D /* Flows */,
				CA8B60882818D78300D7769B /* AppDelegate.swift */,
				CA8B608A2818D78300D7769B /* SceneDelegate.swift */,
			);
			path = App;
			sourceTree = "<group>";
		};
		CAA118F0282F5A090056013D /* Core */ = {
			isa = PBXGroup;
			children = (
				CA6AFDA12827AAB60098718E /* Helpers */,
				CA1848EB2838CD0C00E66F2B /* Network */,
			);
			path = Core;
			sourceTree = "<group>";
		};
		CAA118F1282F5A150056013D /* Resources */ = {
			isa = PBXGroup;
			children = (
				CA8B60932818D78500D7769B /* LaunchScreen.storyboard */,
				CA8B608E2818D78300D7769B /* Main.storyboard */,
				CA8B60912818D78500D7769B /* Assets.xcassets */,
			);
			path = Resources;
			sourceTree = "<group>";
		};
		CAA118F2282F5A1C0056013D /* Environments */ = {
			isa = PBXGroup;
			children = (
				CA1849012838D7CA00E66F2B /* APIKeys.swift */,
				CA8B60962818D78500D7769B /* Info.plist */,
				CAA663ED282BD81800BC975E /* GoogleService-Info.plist */,
			);
			path = Environments;
			sourceTree = "<group>";
		};
		CAA118F3282F5A530056013D /* BusinessLogic */ = {
			isa = PBXGroup;
			children = (
				CAA118F8282F63620056013D /* MockAPI */,
				CA862F5B28225827002AFB6A /* FirebaseAPI */,
				CA862F6828225AEB002AFB6A /* GreetingGenerator */,
				CA1848FC2838CF8A00E66F2B /* Network */,
			);
			path = BusinessLogic;
			sourceTree = "<group>";
		};
		CAA118F4282F5A5E0056013D /* Entities */ = {
			isa = PBXGroup;
			children = (
				CA1848F72838CE7200E66F2B /* Network */,
				CA862F5F28225884002AFB6A /* User.swift */,
				CA847190282B97A8008861E5 /* UserFirebase.swift */,
				CA6AFDBA2828150F0098718E /* Greeting.swift */,
				CA862F61282258BF002AFB6A /* Card.swift */,
				CA847192282B97BC008861E5 /* CardFirebase.swift */,
				CA862F63282258EF002AFB6A /* CardsCategory.swift */,
				CA847194282B97CB008861E5 /* CardsCategoryFirebase.swift */,
			);
			path = Entities;
			sourceTree = "<group>";
		};
		CAA118F5282F5A770056013D /* Flows */ = {
			isa = PBXGroup;
			children = (
				CA6AFD9C2827AA9F0098718E /* Elements */,
				CA06A836281CF0F60086BD0B /* LoginScene */,
				CA6AFDA62827AAF30098718E /* MainScene */,
				CA6AFDAB2827AB060098718E /* AddCardScene */,
				CA6AFDB52827AB260098718E /* SearchScene */,
				CA0956022833867700F35D64 /* SearchResultScene */,
				CA6AFDB02827AB170098718E /* ProfileScene */,
			);
			path = Flows;
			sourceTree = "<group>";
		};
		CAA118F8282F63620056013D /* MockAPI */ = {
			isa = PBXGroup;
			children = (
				CA6AFD852827A7C70098718E /* MockCardsProvider.swift */,
				CADE437C2830B8C300CDFF1A /* MockCategoriesProvider.swift */,
			);
			path = MockAPI;
			sourceTree = "<group>";
		};
/* End PBXGroup section */

/* Begin PBXNativeTarget section */
		CA8B60842818D78300D7769B /* ЯзыкЪ */ = {
			isa = PBXNativeTarget;
			buildConfigurationList = CA8B60992818D78500D7769B /* Build configuration list for PBXNativeTarget "ЯзыкЪ" */;
			buildPhases = (
				CA8B60812818D78300D7769B /* Sources */,
				CA8B60822818D78300D7769B /* Frameworks */,
				CA8B60832818D78300D7769B /* Resources */,
			);
			buildRules = (
			);
			dependencies = (
			);
			name = "ЯзыкЪ";
			packageProductDependencies = (
				CAA663E3282BD4E900BC975E /* FirebaseAuth */,
				CAA663E5282BD4E900BC975E /* FirebaseAuthCombine-Community */,
				CAA663E7282BD4E900BC975E /* FirebaseDatabase */,
				CAA663E9282BD4E900BC975E /* FirebaseDatabaseSwift-Beta */,
				CA1848F12838CDB900E66F2B /* Alamofire */,
				CAA5B77D2839FFB400EC00D5 /* Foil */,
			);
			productName = "ЯзыкЪ";
			productReference = CA8B60852818D78300D7769B /* ЯзыкЪ.app */;
			productType = "com.apple.product-type.application";
		};
/* End PBXNativeTarget section */

/* Begin PBXProject section */
		CA8B607D2818D78300D7769B /* Project object */ = {
			isa = PBXProject;
			attributes = {
				BuildIndependentTargetsInParallel = 1;
				LastSwiftUpdateCheck = 1330;
				LastUpgradeCheck = 1330;
				TargetAttributes = {
					CA8B60842818D78300D7769B = {
						CreatedOnToolsVersion = 13.3;
					};
				};
			};
			buildConfigurationList = CA8B60802818D78300D7769B /* Build configuration list for PBXProject "ЯзыкЪ" */;
			compatibilityVersion = "Xcode 13.0";
			developmentRegion = en;
			hasScannedForEncodings = 0;
			knownRegions = (
				en,
				Base,
			);
			mainGroup = CA8B607C2818D78300D7769B;
			packageReferences = (
				CAA663E2282BD4E900BC975E /* XCRemoteSwiftPackageReference "firebase-ios-sdk" */,
				CA1848F02838CDB900E66F2B /* XCRemoteSwiftPackageReference "Alamofire" */,
				CAA5B77C2839FFB400EC00D5 /* XCRemoteSwiftPackageReference "Foil" */,
			);
			productRefGroup = CA8B60862818D78300D7769B /* Products */;
			projectDirPath = "";
			projectRoot = "";
			targets = (
				CA8B60842818D78300D7769B /* ЯзыкЪ */,
			);
		};
/* End PBXProject section */

/* Begin PBXResourcesBuildPhase section */
		CA8B60832818D78300D7769B /* Resources */ = {
			isa = PBXResourcesBuildPhase;
			buildActionMask = 2147483647;
			files = (
				CA095600283367B200F35D64 /* CategoryTableViewCell.xib in Resources */,
				CA97ED1628356A44006BD7C7 /* AddCardScene.storyboard in Resources */,
				CA8B60952818D78500D7769B /* LaunchScreen.storyboard in Resources */,
				CAA663EE282BD81800BC975E /* GoogleService-Info.plist in Resources */,
				CA97ED1128356977006BD7C7 /* LoginScene.storyboard in Resources */,
				CA97ED1928356ADA006BD7C7 /* SearchScene.storyboard in Resources */,
				CA8C7E6128341FE90039E5E4 /* QuickStatsTableViewCell.xib in Resources */,
				CA8B60922818D78500D7769B /* Assets.xcassets in Resources */,
				CA97ED13283569DB006BD7C7 /* MainScene.storyboard in Resources */,
				CA97ED1E28356B9B006BD7C7 /* ProfileScene.storyboard in Resources */,
				CA8B60902818D78300D7769B /* Main.storyboard in Resources */,
				CA97ED1B28356B40006BD7C7 /* SearchResultScene.storyboard in Resources */,
			);
			runOnlyForDeploymentPostprocessing = 0;
		};
/* End PBXResourcesBuildPhase section */

/* Begin PBXSourcesBuildPhase section */
		CA8B60812818D78300D7769B /* Sources */ = {
			isa = PBXSourcesBuildPhase;
			buildActionMask = 2147483647;
			files = (
				CA1848FB2838CF8500E66F2B /* RequestFactory.swift in Sources */,
				CA6AFD992827AA8D0098718E /* ScrollOverlayView.swift in Sources */,
				CA8B60892818D78300D7769B /* AppDelegate.swift in Sources */,
				CA152AB428364FDB00564AA5 /* MainTabBarController.swift in Sources */,
				CA1848EA2838CD0000E66F2B /* AbstractErrorParser.swift in Sources */,
				CADE437D2830B8C300CDFF1A /* MockCategoriesProvider.swift in Sources */,
				CA847195282B97CB008861E5 /* CardsCategoryFirebase.swift in Sources */,
				CA06A835281CF0F10086BD0B /* LoginScenePresenter.swift in Sources */,
				CA0955FC2833607700F35D64 /* UITableView.swift in Sources */,
				CA1848FE2838D00B00E66F2B /* DictionaryRequestFactory.swift in Sources */,
				CA6AFDB32827AB1F0098718E /* SearchSceneViewController.swift in Sources */,
				CA1848E82838CB5000E66F2B /* DictionaryResponse.swift in Sources */,
				CA1848F42838CDF200E66F2B /* AbstractRequestFactory.swift in Sources */,
				CA6AFD972827AA8D0098718E /* MainNavigationController.swift in Sources */,
				CA862F6A28225AFB002AFB6A /* FirebaseAPI.swift in Sources */,
				CA8B608B2818D78300D7769B /* SceneDelegate.swift in Sources */,
				CA6AFDA52827AAEB0098718E /* MainSceneViewController.swift in Sources */,
				CA6AFD9F2827AAAF0098718E /* UIColor.swift in Sources */,
				CA0956092833892A00F35D64 /* SearchResultScenePresenter.swift in Sources */,
				CA6AFDAA2827AAFF0098718E /* AddCardSceneViewController.swift in Sources */,
				CA847193282B97BC008861E5 /* CardFirebase.swift in Sources */,
				CA6AFDBD282828490098718E /* StandardButton.swift in Sources */,
				CAA118FA2830295E0056013D /* UIView.swift in Sources */,
				CA862F5D28225840002AFB6A /* Firebasable.swift in Sources */,
				CA1848EF2838CD4300E66F2B /* ResponseCodable.swift in Sources */,
				CA862F64282258EF002AFB6A /* CardsCategory.swift in Sources */,
				CA1849022838D7CA00E66F2B /* APIKeys.swift in Sources */,
				CA1848F62838CE3800E66F2B /* RequestRouter.swift in Sources */,
				CA6AFDA42827AAEB0098718E /* MainScenePresenter.swift in Sources */,
				CA1848ED2838CD2700E66F2B /* ErrorParser.swift in Sources */,
				CA6AFDAE2827AB100098718E /* ProfileSceneViewController.swift in Sources */,
				CA06A833281CF0E50086BD0B /* LoginSceneViewController.swift in Sources */,
				CA862F6028225884002AFB6A /* User.swift in Sources */,
				CA847191282B97A8008861E5 /* UserFirebase.swift in Sources */,
				CA0956072833891D00F35D64 /* SearchResultSceneViewController.swift in Sources */,
				CA6AFDA02827AAAF0098718E /* String.swift in Sources */,
				CA862F62282258BF002AFB6A /* Card.swift in Sources */,
				CA6AFDB9282804E70098718E /* GreetingGenerator.swift in Sources */,
				CAA118F7282F60CF0056013D /* CGFloat.swift in Sources */,
				CA0955FF283367B200F35D64 /* CategoryTableViewCell.swift in Sources */,
				CA6AFD9A2827AA8D0098718E /* EmptyCardView.swift in Sources */,
				CA6AFDBB2828150F0098718E /* Greeting.swift in Sources */,
				CA6AFD9B2827AA8D0098718E /* CardView.swift in Sources */,
				CA6AFDAF2827AB100098718E /* ProfileScenePresenter.swift in Sources */,
				CA6AFD862827A7C70098718E /* MockCardsProvider.swift in Sources */,
				CA8C7E6028341FE90039E5E4 /* QuickStatsTableViewCell.swift in Sources */,
				CA6AFDA92827AAFF0098718E /* AddCardScenePresenter.swift in Sources */,
				CA152AB228363C0B00564AA5 /* UIStackView.swift in Sources */,
				CA1848F92838CE9200E66F2B /* DictionaryRequest.swift in Sources */,
				CA6AFDB42827AB1F0098718E /* SearchScenePresenter.swift in Sources */,
			);
			runOnlyForDeploymentPostprocessing = 0;
		};
/* End PBXSourcesBuildPhase section */

/* Begin PBXVariantGroup section */
		CA8B608E2818D78300D7769B /* Main.storyboard */ = {
			isa = PBXVariantGroup;
			children = (
				CA8B608F2818D78300D7769B /* Base */,
			);
			name = Main.storyboard;
			sourceTree = "<group>";
		};
		CA8B60932818D78500D7769B /* LaunchScreen.storyboard */ = {
			isa = PBXVariantGroup;
			children = (
				CA8B60942818D78500D7769B /* Base */,
			);
			name = LaunchScreen.storyboard;
			sourceTree = "<group>";
		};
		CA97ED0F28356977006BD7C7 /* LoginScene.storyboard */ = {
			isa = PBXVariantGroup;
			children = (
				CA97ED1028356977006BD7C7 /* Base */,
			);
			name = LoginScene.storyboard;
			sourceTree = "<group>";
		};
		CA97ED1428356A44006BD7C7 /* AddCardScene.storyboard */ = {
			isa = PBXVariantGroup;
			children = (
				CA97ED1528356A44006BD7C7 /* Base */,
			);
			name = AddCardScene.storyboard;
			sourceTree = "<group>";
		};
		CA97ED1728356ADA006BD7C7 /* SearchScene.storyboard */ = {
			isa = PBXVariantGroup;
			children = (
				CA97ED1828356ADA006BD7C7 /* Base */,
			);
			name = SearchScene.storyboard;
			sourceTree = "<group>";
		};
		CA97ED1C28356B9B006BD7C7 /* ProfileScene.storyboard */ = {
			isa = PBXVariantGroup;
			children = (
				CA97ED1D28356B9B006BD7C7 /* Base */,
			);
			name = ProfileScene.storyboard;
			sourceTree = "<group>";
		};
/* End PBXVariantGroup section */

/* Begin XCBuildConfiguration section */
		CA8B60972818D78500D7769B /* Debug */ = {
			isa = XCBuildConfiguration;
			buildSettings = {
				ALWAYS_SEARCH_USER_PATHS = NO;
				CLANG_ANALYZER_NONNULL = YES;
				CLANG_ANALYZER_NUMBER_OBJECT_CONVERSION = YES_AGGRESSIVE;
				CLANG_CXX_LANGUAGE_STANDARD = "gnu++17";
				CLANG_ENABLE_MODULES = YES;
				CLANG_ENABLE_OBJC_ARC = YES;
				CLANG_ENABLE_OBJC_WEAK = YES;
				CLANG_WARN_BLOCK_CAPTURE_AUTORELEASING = YES;
				CLANG_WARN_BOOL_CONVERSION = YES;
				CLANG_WARN_COMMA = YES;
				CLANG_WARN_CONSTANT_CONVERSION = YES;
				CLANG_WARN_DEPRECATED_OBJC_IMPLEMENTATIONS = YES;
				CLANG_WARN_DIRECT_OBJC_ISA_USAGE = YES_ERROR;
				CLANG_WARN_DOCUMENTATION_COMMENTS = YES;
				CLANG_WARN_EMPTY_BODY = YES;
				CLANG_WARN_ENUM_CONVERSION = YES;
				CLANG_WARN_INFINITE_RECURSION = YES;
				CLANG_WARN_INT_CONVERSION = YES;
				CLANG_WARN_NON_LITERAL_NULL_CONVERSION = YES;
				CLANG_WARN_OBJC_IMPLICIT_RETAIN_SELF = YES;
				CLANG_WARN_OBJC_LITERAL_CONVERSION = YES;
				CLANG_WARN_OBJC_ROOT_CLASS = YES_ERROR;
				CLANG_WARN_QUOTED_INCLUDE_IN_FRAMEWORK_HEADER = YES;
				CLANG_WARN_RANGE_LOOP_ANALYSIS = YES;
				CLANG_WARN_STRICT_PROTOTYPES = YES;
				CLANG_WARN_SUSPICIOUS_MOVE = YES;
				CLANG_WARN_UNGUARDED_AVAILABILITY = YES_AGGRESSIVE;
				CLANG_WARN_UNREACHABLE_CODE = YES;
				CLANG_WARN__DUPLICATE_METHOD_MATCH = YES;
				COPY_PHASE_STRIP = NO;
				DEBUG_INFORMATION_FORMAT = dwarf;
				ENABLE_STRICT_OBJC_MSGSEND = YES;
				ENABLE_TESTABILITY = YES;
				GCC_C_LANGUAGE_STANDARD = gnu11;
				GCC_DYNAMIC_NO_PIC = NO;
				GCC_NO_COMMON_BLOCKS = YES;
				GCC_OPTIMIZATION_LEVEL = 0;
				GCC_PREPROCESSOR_DEFINITIONS = (
					"DEBUG=1",
					"$(inherited)",
				);
				GCC_WARN_64_TO_32_BIT_CONVERSION = YES;
				GCC_WARN_ABOUT_RETURN_TYPE = YES_ERROR;
				GCC_WARN_UNDECLARED_SELECTOR = YES;
				GCC_WARN_UNINITIALIZED_AUTOS = YES_AGGRESSIVE;
				GCC_WARN_UNUSED_FUNCTION = YES;
				GCC_WARN_UNUSED_VARIABLE = YES;
				IPHONEOS_DEPLOYMENT_TARGET = 15.4;
				MTL_ENABLE_DEBUG_INFO = INCLUDE_SOURCE;
				MTL_FAST_MATH = YES;
				ONLY_ACTIVE_ARCH = YES;
				SDKROOT = iphoneos;
				SWIFT_ACTIVE_COMPILATION_CONDITIONS = DEBUG;
				SWIFT_OPTIMIZATION_LEVEL = "-Onone";
			};
			name = Debug;
		};
		CA8B60982818D78500D7769B /* Release */ = {
			isa = XCBuildConfiguration;
			buildSettings = {
				ALWAYS_SEARCH_USER_PATHS = NO;
				CLANG_ANALYZER_NONNULL = YES;
				CLANG_ANALYZER_NUMBER_OBJECT_CONVERSION = YES_AGGRESSIVE;
				CLANG_CXX_LANGUAGE_STANDARD = "gnu++17";
				CLANG_ENABLE_MODULES = YES;
				CLANG_ENABLE_OBJC_ARC = YES;
				CLANG_ENABLE_OBJC_WEAK = YES;
				CLANG_WARN_BLOCK_CAPTURE_AUTORELEASING = YES;
				CLANG_WARN_BOOL_CONVERSION = YES;
				CLANG_WARN_COMMA = YES;
				CLANG_WARN_CONSTANT_CONVERSION = YES;
				CLANG_WARN_DEPRECATED_OBJC_IMPLEMENTATIONS = YES;
				CLANG_WARN_DIRECT_OBJC_ISA_USAGE = YES_ERROR;
				CLANG_WARN_DOCUMENTATION_COMMENTS = YES;
				CLANG_WARN_EMPTY_BODY = YES;
				CLANG_WARN_ENUM_CONVERSION = YES;
				CLANG_WARN_INFINITE_RECURSION = YES;
				CLANG_WARN_INT_CONVERSION = YES;
				CLANG_WARN_NON_LITERAL_NULL_CONVERSION = YES;
				CLANG_WARN_OBJC_IMPLICIT_RETAIN_SELF = YES;
				CLANG_WARN_OBJC_LITERAL_CONVERSION = YES;
				CLANG_WARN_OBJC_ROOT_CLASS = YES_ERROR;
				CLANG_WARN_QUOTED_INCLUDE_IN_FRAMEWORK_HEADER = YES;
				CLANG_WARN_RANGE_LOOP_ANALYSIS = YES;
				CLANG_WARN_STRICT_PROTOTYPES = YES;
				CLANG_WARN_SUSPICIOUS_MOVE = YES;
				CLANG_WARN_UNGUARDED_AVAILABILITY = YES_AGGRESSIVE;
				CLANG_WARN_UNREACHABLE_CODE = YES;
				CLANG_WARN__DUPLICATE_METHOD_MATCH = YES;
				COPY_PHASE_STRIP = NO;
				DEBUG_INFORMATION_FORMAT = "dwarf-with-dsym";
				ENABLE_NS_ASSERTIONS = NO;
				ENABLE_STRICT_OBJC_MSGSEND = YES;
				GCC_C_LANGUAGE_STANDARD = gnu11;
				GCC_NO_COMMON_BLOCKS = YES;
				GCC_WARN_64_TO_32_BIT_CONVERSION = YES;
				GCC_WARN_ABOUT_RETURN_TYPE = YES_ERROR;
				GCC_WARN_UNDECLARED_SELECTOR = YES;
				GCC_WARN_UNINITIALIZED_AUTOS = YES_AGGRESSIVE;
				GCC_WARN_UNUSED_FUNCTION = YES;
				GCC_WARN_UNUSED_VARIABLE = YES;
				IPHONEOS_DEPLOYMENT_TARGET = 15.4;
				MTL_ENABLE_DEBUG_INFO = NO;
				MTL_FAST_MATH = YES;
				SDKROOT = iphoneos;
				SWIFT_COMPILATION_MODE = wholemodule;
				SWIFT_OPTIMIZATION_LEVEL = "-O";
				VALIDATE_PRODUCT = YES;
			};
			name = Release;
		};
		CA8B609A2818D78500D7769B /* Debug */ = {
			isa = XCBuildConfiguration;
			buildSettings = {
				ASSETCATALOG_COMPILER_APPICON_NAME = AppIcon;
				ASSETCATALOG_COMPILER_GLOBAL_ACCENT_COLOR_NAME = AccentColor;
				CODE_SIGN_STYLE = Automatic;
				CURRENT_PROJECT_VERSION = 1;
				DEVELOPMENT_TEAM = 4NK62H99X6;
				GENERATE_INFOPLIST_FILE = YES;
				INFOPLIST_FILE = "ЯзыкЪ/Environments/Info.plist";
				INFOPLIST_KEY_CFBundleDisplayName = "ЯзыкЪ";
				INFOPLIST_KEY_UIApplicationSupportsIndirectInputEvents = YES;
				INFOPLIST_KEY_UILaunchStoryboardName = LaunchScreen;
				INFOPLIST_KEY_UIMainStoryboardFile = Main;
				INFOPLIST_KEY_UISupportedInterfaceOrientations = UIInterfaceOrientationPortrait;
				INFOPLIST_KEY_UISupportedInterfaceOrientations_iPad = UIInterfaceOrientationPortrait;
				INFOPLIST_KEY_UISupportedInterfaceOrientations_iPhone = UIInterfaceOrientationPortrait;
				IPHONEOS_DEPLOYMENT_TARGET = 14.0;
				LD_RUNPATH_SEARCH_PATHS = (
					"$(inherited)",
					"@executable_path/Frameworks",
				);
				MARKETING_VERSION = 1.3.2;
				PRODUCT_BUNDLE_IDENTIFIER = com.jareksedy.tongueGB;
				PRODUCT_NAME = "$(TARGET_NAME)";
				SWIFT_EMIT_LOC_STRINGS = YES;
				SWIFT_VERSION = 5.0;
				TARGETED_DEVICE_FAMILY = 1;
			};
			name = Debug;
		};
		CA8B609B2818D78500D7769B /* Release */ = {
			isa = XCBuildConfiguration;
			buildSettings = {
				ASSETCATALOG_COMPILER_APPICON_NAME = AppIcon;
				ASSETCATALOG_COMPILER_GLOBAL_ACCENT_COLOR_NAME = AccentColor;
				CODE_SIGN_STYLE = Automatic;
				CURRENT_PROJECT_VERSION = 1;
				DEVELOPMENT_TEAM = 4NK62H99X6;
				GENERATE_INFOPLIST_FILE = YES;
				INFOPLIST_FILE = "ЯзыкЪ/Environments/Info.plist";
				INFOPLIST_KEY_CFBundleDisplayName = "ЯзыкЪ";
				INFOPLIST_KEY_UIApplicationSupportsIndirectInputEvents = YES;
				INFOPLIST_KEY_UILaunchStoryboardName = LaunchScreen;
				INFOPLIST_KEY_UIMainStoryboardFile = Main;
				INFOPLIST_KEY_UISupportedInterfaceOrientations = UIInterfaceOrientationPortrait;
				INFOPLIST_KEY_UISupportedInterfaceOrientations_iPad = UIInterfaceOrientationPortrait;
				INFOPLIST_KEY_UISupportedInterfaceOrientations_iPhone = UIInterfaceOrientationPortrait;
				IPHONEOS_DEPLOYMENT_TARGET = 14.0;
				LD_RUNPATH_SEARCH_PATHS = (
					"$(inherited)",
					"@executable_path/Frameworks",
				);
				MARKETING_VERSION = 1.3.2;
				PRODUCT_BUNDLE_IDENTIFIER = com.jareksedy.tongueGB;
				PRODUCT_NAME = "$(TARGET_NAME)";
				SWIFT_EMIT_LOC_STRINGS = YES;
				SWIFT_VERSION = 5.0;
				TARGETED_DEVICE_FAMILY = 1;
			};
			name = Release;
		};
/* End XCBuildConfiguration section */

/* Begin XCConfigurationList section */
		CA8B60802818D78300D7769B /* Build configuration list for PBXProject "ЯзыкЪ" */ = {
			isa = XCConfigurationList;
			buildConfigurations = (
				CA8B60972818D78500D7769B /* Debug */,
				CA8B60982818D78500D7769B /* Release */,
			);
			defaultConfigurationIsVisible = 0;
			defaultConfigurationName = Release;
		};
		CA8B60992818D78500D7769B /* Build configuration list for PBXNativeTarget "ЯзыкЪ" */ = {
			isa = XCConfigurationList;
			buildConfigurations = (
				CA8B609A2818D78500D7769B /* Debug */,
				CA8B609B2818D78500D7769B /* Release */,
			);
			defaultConfigurationIsVisible = 0;
			defaultConfigurationName = Release;
		};
/* End XCConfigurationList section */

/* Begin XCRemoteSwiftPackageReference section */
		CA1848F02838CDB900E66F2B /* XCRemoteSwiftPackageReference "Alamofire" */ = {
			isa = XCRemoteSwiftPackageReference;
			repositoryURL = "https://github.com/Alamofire/Alamofire.git";
			requirement = {
				kind = upToNextMajorVersion;
				minimumVersion = 5.0.0;
			};
		};
		CAA5B77C2839FFB400EC00D5 /* XCRemoteSwiftPackageReference "Foil" */ = {
			isa = XCRemoteSwiftPackageReference;
			repositoryURL = "https://github.com/jessesquires/Foil.git";
			requirement = {
				kind = upToNextMajorVersion;
				minimumVersion = 3.0.0;
			};
		};
		CAA663E2282BD4E900BC975E /* XCRemoteSwiftPackageReference "firebase-ios-sdk" */ = {
			isa = XCRemoteSwiftPackageReference;
			repositoryURL = "https://github.com/firebase/firebase-ios-sdk.git";
			requirement = {
				kind = upToNextMajorVersion;
				minimumVersion = 8.0.0;
			};
		};
/* End XCRemoteSwiftPackageReference section */

/* Begin XCSwiftPackageProductDependency section */
		CA1848F12838CDB900E66F2B /* Alamofire */ = {
			isa = XCSwiftPackageProductDependency;
			package = CA1848F02838CDB900E66F2B /* XCRemoteSwiftPackageReference "Alamofire" */;
			productName = Alamofire;
		};
		CAA5B77D2839FFB400EC00D5 /* Foil */ = {
			isa = XCSwiftPackageProductDependency;
			package = CAA5B77C2839FFB400EC00D5 /* XCRemoteSwiftPackageReference "Foil" */;
			productName = Foil;
		};
		CAA663E3282BD4E900BC975E /* FirebaseAuth */ = {
			isa = XCSwiftPackageProductDependency;
			package = CAA663E2282BD4E900BC975E /* XCRemoteSwiftPackageReference "firebase-ios-sdk" */;
			productName = FirebaseAuth;
		};
		CAA663E5282BD4E900BC975E /* FirebaseAuthCombine-Community */ = {
			isa = XCSwiftPackageProductDependency;
			package = CAA663E2282BD4E900BC975E /* XCRemoteSwiftPackageReference "firebase-ios-sdk" */;
			productName = "FirebaseAuthCombine-Community";
		};
		CAA663E7282BD4E900BC975E /* FirebaseDatabase */ = {
			isa = XCSwiftPackageProductDependency;
			package = CAA663E2282BD4E900BC975E /* XCRemoteSwiftPackageReference "firebase-ios-sdk" */;
			productName = FirebaseDatabase;
		};
		CAA663E9282BD4E900BC975E /* FirebaseDatabaseSwift-Beta */ = {
			isa = XCSwiftPackageProductDependency;
			package = CAA663E2282BD4E900BC975E /* XCRemoteSwiftPackageReference "firebase-ios-sdk" */;
			productName = "FirebaseDatabaseSwift-Beta";
		};
/* End XCSwiftPackageProductDependency section */
	};
	rootObject = CA8B607D2818D78300D7769B /* Project object */;
}
